
Microsoft Visual Studio Solution File, Format Version 12.00
# Visual Studio 15
VisualStudioVersion = 15.0.27130.2010
MinimumVisualStudioVersion = 10.0.40219.1
Project("{FAE04EC0-301F-11D3-BF4B-00C04F79EFBC}") = "SkiaScene.FormsSample.Android", "SkiaScene.FormsSample.Android\SkiaScene.FormsSample.Android.csproj", "{8DD751F0-C905-4C6E-9FEC-B5B222A78BB7}"
EndProject
Project("{FAE04EC0-301F-11D3-BF4B-00C04F79EFBC}") = "SkiaScene.FormsSample.iOS", "SkiaScene.FormsSample.iOS\SkiaScene.FormsSample.iOS.csproj", "{15DC7A8C-AA37-4962-B557-2725BBB81D59}"
EndProject
Project("{FAE04EC0-301F-11D3-BF4B-00C04F79EFBC}") = "SkiaScene.FormsSample.UWP", "SkiaScene.FormsSample.UWP\SkiaScene.FormsSample.UWP.csproj", "{26B0A38A-1633-438E-9B63-7FBAA218A164}"
EndProject
Project("{9A19103F-16F7-4668-BE54-9A1E7A4F7556}") = "SkiaScene.FormsSample", "SkiaScene.FormsSample\SkiaScene.FormsSample.csproj", "{09BDE44D-FA54-4311-AC2A-F41003921E10}"
EndProject
Project("{2150E333-8FDC-42A3-9474-1A3956D46DE8}") = "SkiaScene", "SkiaScene", "{1BEF744F-C34F-46EA-B6B1-0B267002EC48}"
EndProject
Project("{2150E333-8FDC-42A3-9474-1A3956D46DE8}") = "TouchTracking", "TouchTracking", "{372D04B3-FBE5-4BF3-89C3-8FE6729ADCAC}"
EndProject
Project("{9A19103F-16F7-4668-BE54-9A1E7A4F7556}") = "TouchTracking", "..\..\source\TouchTracking\TouchTracking\TouchTracking.csproj", "{74FF82C7-5AB7-4CE7-8007-5E93602A78E3}"
EndProject
Project("{FAE04EC0-301F-11D3-BF4B-00C04F79EFBC}") = "TouchTracking.Droid", "..\..\source\TouchTracking\TouchTracking.Droid\TouchTracking.Droid.csproj", "{0BE88B46-BC5F-4F31-97DF-5CE1FD8EB04B}"
EndProject
Project("{9A19103F-16F7-4668-BE54-9A1E7A4F7556}") = "TouchTracking.Forms", "..\..\source\TouchTracking\TouchTracking.Forms\TouchTracking.Forms.csproj", "{145D2362-0CA6-4C35-A727-F24097ED4582}"
EndProject
Project("{FAE04EC0-301F-11D3-BF4B-00C04F79EFBC}") = "TouchTracking.Forms.Droid", "..\..\source\TouchTracking\TouchTracking.Forms.Droid\TouchTracking.Forms.Droid.csproj", "{CBC5EA0C-12B4-440B-9A84-B6D5A1B7DBED}"
EndProject
Project("{FAE04EC0-301F-11D3-BF4B-00C04F79EFBC}") = "TouchTracking.Forms.iOS", "..\..\source\TouchTracking\TouchTracking.Forms.iOS\TouchTracking.Forms.iOS.csproj", "{2C4F48E7-7F35-4ED0-9A15-ABD3F0A38AD0}"
EndProject
Project("{FAE04EC0-301F-11D3-BF4B-00C04F79EFBC}") = "TouchTracking.Forms.UWP", "..\..\source\TouchTracking\TouchTracking.Forms.UWP\TouchTracking.Forms.UWP.csproj", "{75F38D2D-C200-4842-9CB0-BCDD182838D2}"
EndProject
Project("{FAE04EC0-301F-11D3-BF4B-00C04F79EFBC}") = "TouchTracking.iOS", "..\..\source\TouchTracking\TouchTracking.iOS\TouchTracking.iOS.csproj", "{4DC6A992-335F-4016-9FDF-DB6A5CD55892}"
EndProject
Project("{FAE04EC0-301F-11D3-BF4B-00C04F79EFBC}") = "TouchTracking.UWP", "..\..\source\TouchTracking\TouchTracking.UWP\TouchTracking.UWP.csproj", "{3365091C-7C2D-487D-B803-68EDFE8B73F6}"
EndProject
Project("{9A19103F-16F7-4668-BE54-9A1E7A4F7556}") = "SkiaScene.TouchManipulation", "..\..\source\SkiaScene\SkiaScene.TouchManipulation\SkiaScene.TouchManipulation.csproj", "{3AF1011C-F5E5-4B6F-BB10-F8756A31E46C}"
EndProject
Project("{9A19103F-16F7-4668-BE54-9A1E7A4F7556}") = "SkiaScene", "..\..\source\SkiaScene\SkiaScene\SkiaScene.csproj", "{69FD2754-6F78-4964-8E83-18E9EC2543F1}"
EndProject
Global
	GlobalSection(SolutionConfigurationPlatforms) = preSolution
		Ad-Hoc|Any CPU = Ad-Hoc|Any CPU
		Ad-Hoc|ARM = Ad-Hoc|ARM
		Ad-Hoc|iPhone = Ad-Hoc|iPhone
		Ad-Hoc|iPhoneSimulator = Ad-Hoc|iPhoneSimulator
		Ad-Hoc|x64 = Ad-Hoc|x64
		Ad-Hoc|x86 = Ad-Hoc|x86
		AppStore|Any CPU = AppStore|Any CPU
		AppStore|ARM = AppStore|ARM
		AppStore|iPhone = AppStore|iPhone
		AppStore|iPhoneSimulator = AppStore|iPhoneSimulator
		AppStore|x64 = AppStore|x64
		AppStore|x86 = AppStore|x86
		Debug|Any CPU = Debug|Any CPU
		Debug|ARM = Debug|ARM
		Debug|iPhone = Debug|iPhone
		Debug|iPhoneSimulator = Debug|iPhoneSimulator
		Debug|x64 = Debug|x64
		Debug|x86 = Debug|x86
		Release|Any CPU = Release|Any CPU
		Release|ARM = Release|ARM
		Release|iPhone = Release|iPhone
		Release|iPhoneSimulator = Release|iPhoneSimulator
		Release|x64 = Release|x64
		Release|x86 = Release|x86
	EndGlobalSection
	GlobalSection(ProjectConfigurationPlatforms) = postSolution
		{8DD751F0-C905-4C6E-9FEC-B5B222A78BB7}.Ad-Hoc|Any CPU.ActiveCfg = Release|Any CPU
		{8DD751F0-C905-4C6E-9FEC-B5B222A78BB7}.Ad-Hoc|Any CPU.Build.0 = Release|Any CPU
		{8DD751F0-C905-4C6E-9FEC-B5B222A78BB7}.Ad-Hoc|Any CPU.Deploy.0 = Release|Any CPU
		{8DD751F0-C905-4C6E-9FEC-B5B222A78BB7}.Ad-Hoc|ARM.ActiveCfg = Release|Any CPU
		{8DD751F0-C905-4C6E-9FEC-B5B222A78BB7}.Ad-Hoc|ARM.Build.0 = Release|Any CPU
		{8DD751F0-C905-4C6E-9FEC-B5B222A78BB7}.Ad-Hoc|ARM.Deploy.0 = Release|Any CPU
		{8DD751F0-C905-4C6E-9FEC-B5B222A78BB7}.Ad-Hoc|iPhone.ActiveCfg = Release|Any CPU
		{8DD751F0-C905-4C6E-9FEC-B5B222A78BB7}.Ad-Hoc|iPhone.Build.0 = Release|Any CPU
		{8DD751F0-C905-4C6E-9FEC-B5B222A78BB7}.Ad-Hoc|iPhone.Deploy.0 = Release|Any CPU
		{8DD751F0-C905-4C6E-9FEC-B5B222A78BB7}.Ad-Hoc|iPhoneSimulator.ActiveCfg = Release|Any CPU
		{8DD751F0-C905-4C6E-9FEC-B5B222A78BB7}.Ad-Hoc|iPhoneSimulator.Build.0 = Release|Any CPU
		{8DD751F0-C905-4C6E-9FEC-B5B222A78BB7}.Ad-Hoc|iPhoneSimulator.Deploy.0 = Release|Any CPU
		{8DD751F0-C905-4C6E-9FEC-B5B222A78BB7}.Ad-Hoc|x64.ActiveCfg = Release|Any CPU
		{8DD751F0-C905-4C6E-9FEC-B5B222A78BB7}.Ad-Hoc|x64.Build.0 = Release|Any CPU
		{8DD751F0-C905-4C6E-9FEC-B5B222A78BB7}.Ad-Hoc|x64.Deploy.0 = Release|Any CPU
		{8DD751F0-C905-4C6E-9FEC-B5B222A78BB7}.Ad-Hoc|x86.ActiveCfg = Release|Any CPU
		{8DD751F0-C905-4C6E-9FEC-B5B222A78BB7}.Ad-Hoc|x86.Build.0 = Release|Any CPU
		{8DD751F0-C905-4C6E-9FEC-B5B222A78BB7}.Ad-Hoc|x86.Deploy.0 = Release|Any CPU
		{8DD751F0-C905-4C6E-9FEC-B5B222A78BB7}.AppStore|Any CPU.ActiveCfg = Release|Any CPU
		{8DD751F0-C905-4C6E-9FEC-B5B222A78BB7}.AppStore|Any CPU.Build.0 = Release|Any CPU
		{8DD751F0-C905-4C6E-9FEC-B5B222A78BB7}.AppStore|Any CPU.Deploy.0 = Release|Any CPU
		{8DD751F0-C905-4C6E-9FEC-B5B222A78BB7}.AppStore|ARM.ActiveCfg = Release|Any CPU
		{8DD751F0-C905-4C6E-9FEC-B5B222A78BB7}.AppStore|ARM.Build.0 = Release|Any CPU
		{8DD751F0-C905-4C6E-9FEC-B5B222A78BB7}.AppStore|ARM.Deploy.0 = Release|Any CPU
		{8DD751F0-C905-4C6E-9FEC-B5B222A78BB7}.AppStore|iPhone.ActiveCfg = Release|Any CPU
		{8DD751F0-C905-4C6E-9FEC-B5B222A78BB7}.AppStore|iPhone.Build.0 = Release|Any CPU
		{8DD751F0-C905-4C6E-9FEC-B5B222A78BB7}.AppStore|iPhone.Deploy.0 = Release|Any CPU
		{8DD751F0-C905-4C6E-9FEC-B5B222A78BB7}.AppStore|iPhoneSimulator.ActiveCfg = Release|Any CPU
		{8DD751F0-C905-4C6E-9FEC-B5B222A78BB7}.AppStore|iPhoneSimulator.Build.0 = Release|Any CPU
		{8DD751F0-C905-4C6E-9FEC-B5B222A78BB7}.AppStore|iPhoneSimulator.Deploy.0 = Release|Any CPU
		{8DD751F0-C905-4C6E-9FEC-B5B222A78BB7}.AppStore|x64.ActiveCfg = Release|Any CPU
		{8DD751F0-C905-4C6E-9FEC-B5B222A78BB7}.AppStore|x64.Build.0 = Release|Any CPU
		{8DD751F0-C905-4C6E-9FEC-B5B222A78BB7}.AppStore|x64.Deploy.0 = Release|Any CPU
		{8DD751F0-C905-4C6E-9FEC-B5B222A78BB7}.AppStore|x86.ActiveCfg = Release|Any CPU
		{8DD751F0-C905-4C6E-9FEC-B5B222A78BB7}.AppStore|x86.Build.0 = Release|Any CPU
		{8DD751F0-C905-4C6E-9FEC-B5B222A78BB7}.AppStore|x86.Deploy.0 = Release|Any CPU
		{8DD751F0-C905-4C6E-9FEC-B5B222A78BB7}.Debug|Any CPU.ActiveCfg = Debug|Any CPU
		{8DD751F0-C905-4C6E-9FEC-B5B222A78BB7}.Debug|Any CPU.Build.0 = Debug|Any CPU
		{8DD751F0-C905-4C6E-9FEC-B5B222A78BB7}.Debug|Any CPU.Deploy.0 = Debug|Any CPU
		{8DD751F0-C905-4C6E-9FEC-B5B222A78BB7}.Debug|ARM.ActiveCfg = Debug|Any CPU
		{8DD751F0-C905-4C6E-9FEC-B5B222A78BB7}.Debug|ARM.Build.0 = Debug|Any CPU
		{8DD751F0-C905-4C6E-9FEC-B5B222A78BB7}.Debug|ARM.Deploy.0 = Debug|Any CPU
		{8DD751F0-C905-4C6E-9FEC-B5B222A78BB7}.Debug|iPhone.ActiveCfg = Debug|Any CPU
		{8DD751F0-C905-4C6E-9FEC-B5B222A78BB7}.Debug|iPhone.Build.0 = Debug|Any CPU
		{8DD751F0-C905-4C6E-9FEC-B5B222A78BB7}.Debug|iPhone.Deploy.0 = Debug|Any CPU
		{8DD751F0-C905-4C6E-9FEC-B5B222A78BB7}.Debug|iPhoneSimulator.ActiveCfg = Debug|Any CPU
		{8DD751F0-C905-4C6E-9FEC-B5B222A78BB7}.Debug|iPhoneSimulator.Build.0 = Debug|Any CPU
		{8DD751F0-C905-4C6E-9FEC-B5B222A78BB7}.Debug|iPhoneSimulator.Deploy.0 = Debug|Any CPU
		{8DD751F0-C905-4C6E-9FEC-B5B222A78BB7}.Debug|x64.ActiveCfg = Debug|Any CPU
		{8DD751F0-C905-4C6E-9FEC-B5B222A78BB7}.Debug|x64.Build.0 = Debug|Any CPU
		{8DD751F0-C905-4C6E-9FEC-B5B222A78BB7}.Debug|x64.Deploy.0 = Debug|Any CPU
		{8DD751F0-C905-4C6E-9FEC-B5B222A78BB7}.Debug|x86.ActiveCfg = Debug|Any CPU
		{8DD751F0-C905-4C6E-9FEC-B5B222A78BB7}.Debug|x86.Build.0 = Debug|Any CPU
		{8DD751F0-C905-4C6E-9FEC-B5B222A78BB7}.Debug|x86.Deploy.0 = Debug|Any CPU
		{8DD751F0-C905-4C6E-9FEC-B5B222A78BB7}.Release|Any CPU.ActiveCfg = Release|Any CPU
		{8DD751F0-C905-4C6E-9FEC-B5B222A78BB7}.Release|Any CPU.Build.0 = Release|Any CPU
		{8DD751F0-C905-4C6E-9FEC-B5B222A78BB7}.Release|Any CPU.Deploy.0 = Release|Any CPU
		{8DD751F0-C905-4C6E-9FEC-B5B222A78BB7}.Release|ARM.ActiveCfg = Release|Any CPU
		{8DD751F0-C905-4C6E-9FEC-B5B222A78BB7}.Release|ARM.Build.0 = Release|Any CPU
		{8DD751F0-C905-4C6E-9FEC-B5B222A78BB7}.Release|ARM.Deploy.0 = Release|Any CPU
		{8DD751F0-C905-4C6E-9FEC-B5B222A78BB7}.Release|iPhone.ActiveCfg = Release|Any CPU
		{8DD751F0-C905-4C6E-9FEC-B5B222A78BB7}.Release|iPhone.Build.0 = Release|Any CPU
		{8DD751F0-C905-4C6E-9FEC-B5B222A78BB7}.Release|iPhone.Deploy.0 = Release|Any CPU
		{8DD751F0-C905-4C6E-9FEC-B5B222A78BB7}.Release|iPhoneSimulator.ActiveCfg = Release|Any CPU
		{8DD751F0-C905-4C6E-9FEC-B5B222A78BB7}.Release|iPhoneSimulator.Build.0 = Release|Any CPU
		{8DD751F0-C905-4C6E-9FEC-B5B222A78BB7}.Release|iPhoneSimulator.Deploy.0 = Release|Any CPU
		{8DD751F0-C905-4C6E-9FEC-B5B222A78BB7}.Release|x64.ActiveCfg = Release|Any CPU
		{8DD751F0-C905-4C6E-9FEC-B5B222A78BB7}.Release|x64.Build.0 = Release|Any CPU
		{8DD751F0-C905-4C6E-9FEC-B5B222A78BB7}.Release|x64.Deploy.0 = Release|Any CPU
		{8DD751F0-C905-4C6E-9FEC-B5B222A78BB7}.Release|x86.ActiveCfg = Release|Any CPU
		{8DD751F0-C905-4C6E-9FEC-B5B222A78BB7}.Release|x86.Build.0 = Release|Any CPU
		{8DD751F0-C905-4C6E-9FEC-B5B222A78BB7}.Release|x86.Deploy.0 = Release|Any CPU
		{15DC7A8C-AA37-4962-B557-2725BBB81D59}.Ad-Hoc|Any CPU.ActiveCfg = Ad-Hoc|iPhone
		{15DC7A8C-AA37-4962-B557-2725BBB81D59}.Ad-Hoc|ARM.ActiveCfg = Ad-Hoc|iPhone
		{15DC7A8C-AA37-4962-B557-2725BBB81D59}.Ad-Hoc|iPhone.ActiveCfg = Ad-Hoc|iPhone
		{15DC7A8C-AA37-4962-B557-2725BBB81D59}.Ad-Hoc|iPhone.Build.0 = Ad-Hoc|iPhone
		{15DC7A8C-AA37-4962-B557-2725BBB81D59}.Ad-Hoc|iPhoneSimulator.ActiveCfg = Ad-Hoc|iPhoneSimulator
		{15DC7A8C-AA37-4962-B557-2725BBB81D59}.Ad-Hoc|iPhoneSimulator.Build.0 = Ad-Hoc|iPhoneSimulator
		{15DC7A8C-AA37-4962-B557-2725BBB81D59}.Ad-Hoc|x64.ActiveCfg = Ad-Hoc|iPhone
		{15DC7A8C-AA37-4962-B557-2725BBB81D59}.Ad-Hoc|x86.ActiveCfg = Ad-Hoc|iPhone
		{15DC7A8C-AA37-4962-B557-2725BBB81D59}.AppStore|Any CPU.ActiveCfg = AppStore|iPhone
		{15DC7A8C-AA37-4962-B557-2725BBB81D59}.AppStore|ARM.ActiveCfg = AppStore|iPhone
		{15DC7A8C-AA37-4962-B557-2725BBB81D59}.AppStore|iPhone.ActiveCfg = AppStore|iPhone
		{15DC7A8C-AA37-4962-B557-2725BBB81D59}.AppStore|iPhone.Build.0 = AppStore|iPhone
		{15DC7A8C-AA37-4962-B557-2725BBB81D59}.AppStore|iPhoneSimulator.ActiveCfg = AppStore|iPhoneSimulator
		{15DC7A8C-AA37-4962-B557-2725BBB81D59}.AppStore|iPhoneSimulator.Build.0 = AppStore|iPhoneSimulator
		{15DC7A8C-AA37-4962-B557-2725BBB81D59}.AppStore|x64.ActiveCfg = AppStore|iPhone
		{15DC7A8C-AA37-4962-B557-2725BBB81D59}.AppStore|x86.ActiveCfg = AppStore|iPhone
		{15DC7A8C-AA37-4962-B557-2725BBB81D59}.Debug|Any CPU.ActiveCfg = Debug|iPhone
		{15DC7A8C-AA37-4962-B557-2725BBB81D59}.Debug|ARM.ActiveCfg = Debug|iPhone
		{15DC7A8C-AA37-4962-B557-2725BBB81D59}.Debug|iPhone.ActiveCfg = Debug|iPhone
		{15DC7A8C-AA37-4962-B557-2725BBB81D59}.Debug|iPhone.Build.0 = Debug|iPhone
		{15DC7A8C-AA37-4962-B557-2725BBB81D59}.Debug|iPhoneSimulator.ActiveCfg = Debug|iPhoneSimulator
		{15DC7A8C-AA37-4962-B557-2725BBB81D59}.Debug|iPhoneSimulator.Build.0 = Debug|iPhoneSimulator
		{15DC7A8C-AA37-4962-B557-2725BBB81D59}.Debug|x64.ActiveCfg = Debug|iPhone
		{15DC7A8C-AA37-4962-B557-2725BBB81D59}.Debug|x86.ActiveCfg = Debug|iPhone
		{15DC7A8C-AA37-4962-B557-2725BBB81D59}.Release|Any CPU.ActiveCfg = Release|iPhone
		{15DC7A8C-AA37-4962-B557-2725BBB81D59}.Release|ARM.ActiveCfg = Release|iPhone
		{15DC7A8C-AA37-4962-B557-2725BBB81D59}.Release|iPhone.ActiveCfg = Release|iPhone
		{15DC7A8C-AA37-4962-B557-2725BBB81D59}.Release|iPhone.Build.0 = Release|iPhone
		{15DC7A8C-AA37-4962-B557-2725BBB81D59}.Release|iPhoneSimulator.ActiveCfg = Release|iPhoneSimulator
		{15DC7A8C-AA37-4962-B557-2725BBB81D59}.Release|iPhoneSimulator.Build.0 = Release|iPhoneSimulator
		{15DC7A8C-AA37-4962-B557-2725BBB81D59}.Release|x64.ActiveCfg = Release|iPhone
		{15DC7A8C-AA37-4962-B557-2725BBB81D59}.Release|x86.ActiveCfg = Release|iPhone
		{26B0A38A-1633-438E-9B63-7FBAA218A164}.Ad-Hoc|Any CPU.ActiveCfg = Release|x86
		{26B0A38A-1633-438E-9B63-7FBAA218A164}.Ad-Hoc|Any CPU.Build.0 = Release|x86
		{26B0A38A-1633-438E-9B63-7FBAA218A164}.Ad-Hoc|Any CPU.Deploy.0 = Release|x86
		{26B0A38A-1633-438E-9B63-7FBAA218A164}.Ad-Hoc|ARM.ActiveCfg = Release|ARM
		{26B0A38A-1633-438E-9B63-7FBAA218A164}.Ad-Hoc|ARM.Build.0 = Release|ARM
		{26B0A38A-1633-438E-9B63-7FBAA218A164}.Ad-Hoc|ARM.Deploy.0 = Release|ARM
		{26B0A38A-1633-438E-9B63-7FBAA218A164}.Ad-Hoc|iPhone.ActiveCfg = Release|x86
		{26B0A38A-1633-438E-9B63-7FBAA218A164}.Ad-Hoc|iPhone.Build.0 = Release|x86
		{26B0A38A-1633-438E-9B63-7FBAA218A164}.Ad-Hoc|iPhone.Deploy.0 = Release|x86
		{26B0A38A-1633-438E-9B63-7FBAA218A164}.Ad-Hoc|iPhoneSimulator.ActiveCfg = Release|x86
		{26B0A38A-1633-438E-9B63-7FBAA218A164}.Ad-Hoc|iPhoneSimulator.Build.0 = Release|x86
		{26B0A38A-1633-438E-9B63-7FBAA218A164}.Ad-Hoc|iPhoneSimulator.Deploy.0 = Release|x86
		{26B0A38A-1633-438E-9B63-7FBAA218A164}.Ad-Hoc|x64.ActiveCfg = Release|x64
		{26B0A38A-1633-438E-9B63-7FBAA218A164}.Ad-Hoc|x64.Build.0 = Release|x64
		{26B0A38A-1633-438E-9B63-7FBAA218A164}.Ad-Hoc|x64.Deploy.0 = Release|x64
		{26B0A38A-1633-438E-9B63-7FBAA218A164}.Ad-Hoc|x86.ActiveCfg = Release|x86
		{26B0A38A-1633-438E-9B63-7FBAA218A164}.Ad-Hoc|x86.Build.0 = Release|x86
		{26B0A38A-1633-438E-9B63-7FBAA218A164}.Ad-Hoc|x86.Deploy.0 = Release|x86
		{26B0A38A-1633-438E-9B63-7FBAA218A164}.AppStore|Any CPU.ActiveCfg = Release|x86
		{26B0A38A-1633-438E-9B63-7FBAA218A164}.AppStore|Any CPU.Build.0 = Release|x86
		{26B0A38A-1633-438E-9B63-7FBAA218A164}.AppStore|Any CPU.Deploy.0 = Release|x86
		{26B0A38A-1633-438E-9B63-7FBAA218A164}.AppStore|ARM.ActiveCfg = Release|ARM
		{26B0A38A-1633-438E-9B63-7FBAA218A164}.AppStore|ARM.Build.0 = Release|ARM
		{26B0A38A-1633-438E-9B63-7FBAA218A164}.AppStore|ARM.Deploy.0 = Release|ARM
		{26B0A38A-1633-438E-9B63-7FBAA218A164}.AppStore|iPhone.ActiveCfg = Release|x86
		{26B0A38A-1633-438E-9B63-7FBAA218A164}.AppStore|iPhone.Build.0 = Release|x86
		{26B0A38A-1633-438E-9B63-7FBAA218A164}.AppStore|iPhone.Deploy.0 = Release|x86
		{26B0A38A-1633-438E-9B63-7FBAA218A164}.AppStore|iPhoneSimulator.ActiveCfg = Release|x86
		{26B0A38A-1633-438E-9B63-7FBAA218A164}.AppStore|iPhoneSimulator.Build.0 = Release|x86
		{26B0A38A-1633-438E-9B63-7FBAA218A164}.AppStore|iPhoneSimulator.Deploy.0 = Release|x86
		{26B0A38A-1633-438E-9B63-7FBAA218A164}.AppStore|x64.ActiveCfg = Release|x64
		{26B0A38A-1633-438E-9B63-7FBAA218A164}.AppStore|x64.Build.0 = Release|x64
		{26B0A38A-1633-438E-9B63-7FBAA218A164}.AppStore|x64.Deploy.0 = Release|x64
		{26B0A38A-1633-438E-9B63-7FBAA218A164}.AppStore|x86.ActiveCfg = Release|x86
		{26B0A38A-1633-438E-9B63-7FBAA218A164}.AppStore|x86.Build.0 = Release|x86
		{26B0A38A-1633-438E-9B63-7FBAA218A164}.AppStore|x86.Deploy.0 = Release|x86
		{26B0A38A-1633-438E-9B63-7FBAA218A164}.Debug|Any CPU.ActiveCfg = Debug|x86
		{26B0A38A-1633-438E-9B63-7FBAA218A164}.Debug|ARM.ActiveCfg = Debug|ARM
		{26B0A38A-1633-438E-9B63-7FBAA218A164}.Debug|ARM.Build.0 = Debug|ARM
		{26B0A38A-1633-438E-9B63-7FBAA218A164}.Debug|ARM.Deploy.0 = Debug|ARM
		{26B0A38A-1633-438E-9B63-7FBAA218A164}.Debug|iPhone.ActiveCfg = Debug|x86
		{26B0A38A-1633-438E-9B63-7FBAA218A164}.Debug|iPhoneSimulator.ActiveCfg = Debug|x86
		{26B0A38A-1633-438E-9B63-7FBAA218A164}.Debug|x64.ActiveCfg = Debug|x64
		{26B0A38A-1633-438E-9B63-7FBAA218A164}.Debug|x64.Build.0 = Debug|x64
		{26B0A38A-1633-438E-9B63-7FBAA218A164}.Debug|x64.Deploy.0 = Debug|x64
		{26B0A38A-1633-438E-9B63-7FBAA218A164}.Debug|x86.ActiveCfg = Debug|x86
		{26B0A38A-1633-438E-9B63-7FBAA218A164}.Debug|x86.Build.0 = Debug|x86
		{26B0A38A-1633-438E-9B63-7FBAA218A164}.Debug|x86.Deploy.0 = Debug|x86
		{26B0A38A-1633-438E-9B63-7FBAA218A164}.Release|Any CPU.ActiveCfg = Release|x86
		{26B0A38A-1633-438E-9B63-7FBAA218A164}.Release|ARM.ActiveCfg = Release|ARM
		{26B0A38A-1633-438E-9B63-7FBAA218A164}.Release|ARM.Build.0 = Release|ARM
		{26B0A38A-1633-438E-9B63-7FBAA218A164}.Release|ARM.Deploy.0 = Release|ARM
		{26B0A38A-1633-438E-9B63-7FBAA218A164}.Release|iPhone.ActiveCfg = Release|x86
		{26B0A38A-1633-438E-9B63-7FBAA218A164}.Release|iPhoneSimulator.ActiveCfg = Release|x86
		{26B0A38A-1633-438E-9B63-7FBAA218A164}.Release|x64.ActiveCfg = Release|x64
		{26B0A38A-1633-438E-9B63-7FBAA218A164}.Release|x64.Build.0 = Release|x64
		{26B0A38A-1633-438E-9B63-7FBAA218A164}.Release|x64.Deploy.0 = Release|x64
		{26B0A38A-1633-438E-9B63-7FBAA218A164}.Release|x86.ActiveCfg = Release|x86
		{26B0A38A-1633-438E-9B63-7FBAA218A164}.Release|x86.Build.0 = Release|x86
		{26B0A38A-1633-438E-9B63-7FBAA218A164}.Release|x86.Deploy.0 = Release|x86
		{09BDE44D-FA54-4311-AC2A-F41003921E10}.Ad-Hoc|Any CPU.ActiveCfg = Debug|Any CPU
		{09BDE44D-FA54-4311-AC2A-F41003921E10}.Ad-Hoc|Any CPU.Build.0 = Debug|Any CPU
		{09BDE44D-FA54-4311-AC2A-F41003921E10}.Ad-Hoc|ARM.ActiveCfg = Debug|Any CPU
		{09BDE44D-FA54-4311-AC2A-F41003921E10}.Ad-Hoc|ARM.Build.0 = Debug|Any CPU
		{09BDE44D-FA54-4311-AC2A-F41003921E10}.Ad-Hoc|iPhone.ActiveCfg = Debug|Any CPU
		{09BDE44D-FA54-4311-AC2A-F41003921E10}.Ad-Hoc|iPhone.Build.0 = Debug|Any CPU
		{09BDE44D-FA54-4311-AC2A-F41003921E10}.Ad-Hoc|iPhoneSimulator.ActiveCfg = Debug|Any CPU
		{09BDE44D-FA54-4311-AC2A-F41003921E10}.Ad-Hoc|iPhoneSimulator.Build.0 = Debug|Any CPU
		{09BDE44D-FA54-4311-AC2A-F41003921E10}.Ad-Hoc|x64.ActiveCfg = Debug|Any CPU
		{09BDE44D-FA54-4311-AC2A-F41003921E10}.Ad-Hoc|x64.Build.0 = Debug|Any CPU
		{09BDE44D-FA54-4311-AC2A-F41003921E10}.Ad-Hoc|x86.ActiveCfg = Debug|Any CPU
		{09BDE44D-FA54-4311-AC2A-F41003921E10}.Ad-Hoc|x86.Build.0 = Debug|Any CPU
		{09BDE44D-FA54-4311-AC2A-F41003921E10}.AppStore|Any CPU.ActiveCfg = Debug|Any CPU
		{09BDE44D-FA54-4311-AC2A-F41003921E10}.AppStore|Any CPU.Build.0 = Debug|Any CPU
		{09BDE44D-FA54-4311-AC2A-F41003921E10}.AppStore|ARM.ActiveCfg = Debug|Any CPU
		{09BDE44D-FA54-4311-AC2A-F41003921E10}.AppStore|ARM.Build.0 = Debug|Any CPU
		{09BDE44D-FA54-4311-AC2A-F41003921E10}.AppStore|iPhone.ActiveCfg = Debug|Any CPU
		{09BDE44D-FA54-4311-AC2A-F41003921E10}.AppStore|iPhone.Build.0 = Debug|Any CPU
		{09BDE44D-FA54-4311-AC2A-F41003921E10}.AppStore|iPhoneSimulator.ActiveCfg = Debug|Any CPU
		{09BDE44D-FA54-4311-AC2A-F41003921E10}.AppStore|iPhoneSimulator.Build.0 = Debug|Any CPU
		{09BDE44D-FA54-4311-AC2A-F41003921E10}.AppStore|x64.ActiveCfg = Debug|Any CPU
		{09BDE44D-FA54-4311-AC2A-F41003921E10}.AppStore|x64.Build.0 = Debug|Any CPU
		{09BDE44D-FA54-4311-AC2A-F41003921E10}.AppStore|x86.ActiveCfg = Debug|Any CPU
		{09BDE44D-FA54-4311-AC2A-F41003921E10}.AppStore|x86.Build.0 = Debug|Any CPU
		{09BDE44D-FA54-4311-AC2A-F41003921E10}.Debug|Any CPU.ActiveCfg = Debug|Any CPU
		{09BDE44D-FA54-4311-AC2A-F41003921E10}.Debug|Any CPU.Build.0 = Debug|Any CPU
		{09BDE44D-FA54-4311-AC2A-F41003921E10}.Debug|ARM.ActiveCfg = Debug|Any CPU
		{09BDE44D-FA54-4311-AC2A-F41003921E10}.Debug|ARM.Build.0 = Debug|Any CPU
		{09BDE44D-FA54-4311-AC2A-F41003921E10}.Debug|iPhone.ActiveCfg = Debug|Any CPU
		{09BDE44D-FA54-4311-AC2A-F41003921E10}.Debug|iPhone.Build.0 = Debug|Any CPU
		{09BDE44D-FA54-4311-AC2A-F41003921E10}.Debug|iPhoneSimulator.ActiveCfg = Debug|Any CPU
		{09BDE44D-FA54-4311-AC2A-F41003921E10}.Debug|iPhoneSimulator.Build.0 = Debug|Any CPU
		{09BDE44D-FA54-4311-AC2A-F41003921E10}.Debug|x64.ActiveCfg = Debug|Any CPU
		{09BDE44D-FA54-4311-AC2A-F41003921E10}.Debug|x64.Build.0 = Debug|Any CPU
		{09BDE44D-FA54-4311-AC2A-F41003921E10}.Debug|x86.ActiveCfg = Debug|Any CPU
		{09BDE44D-FA54-4311-AC2A-F41003921E10}.Debug|x86.Build.0 = Debug|Any CPU
		{09BDE44D-FA54-4311-AC2A-F41003921E10}.Release|Any CPU.ActiveCfg = Release|Any CPU
		{09BDE44D-FA54-4311-AC2A-F41003921E10}.Release|Any CPU.Build.0 = Release|Any CPU
		{09BDE44D-FA54-4311-AC2A-F41003921E10}.Release|ARM.ActiveCfg = Release|Any CPU
		{09BDE44D-FA54-4311-AC2A-F41003921E10}.Release|ARM.Build.0 = Release|Any CPU
		{09BDE44D-FA54-4311-AC2A-F41003921E10}.Release|iPhone.ActiveCfg = Release|Any CPU
		{09BDE44D-FA54-4311-AC2A-F41003921E10}.Release|iPhone.Build.0 = Release|Any CPU
		{09BDE44D-FA54-4311-AC2A-F41003921E10}.Release|iPhoneSimulator.ActiveCfg = Release|Any CPU
		{09BDE44D-FA54-4311-AC2A-F41003921E10}.Release|iPhoneSimulator.Build.0 = Release|Any CPU
		{09BDE44D-FA54-4311-AC2A-F41003921E10}.Release|x64.ActiveCfg = Release|Any CPU
		{09BDE44D-FA54-4311-AC2A-F41003921E10}.Release|x64.Build.0 = Release|Any CPU
		{09BDE44D-FA54-4311-AC2A-F41003921E10}.Release|x86.ActiveCfg = Release|Any CPU
		{09BDE44D-FA54-4311-AC2A-F41003921E10}.Release|x86.Build.0 = Release|Any CPU
		{74FF82C7-5AB7-4CE7-8007-5E93602A78E3}.Ad-Hoc|Any CPU.ActiveCfg = Debug|Any CPU
		{74FF82C7-5AB7-4CE7-8007-5E93602A78E3}.Ad-Hoc|Any CPU.Build.0 = Debug|Any CPU
		{74FF82C7-5AB7-4CE7-8007-5E93602A78E3}.Ad-Hoc|ARM.ActiveCfg = Debug|Any CPU
		{74FF82C7-5AB7-4CE7-8007-5E93602A78E3}.Ad-Hoc|ARM.Build.0 = Debug|Any CPU
		{74FF82C7-5AB7-4CE7-8007-5E93602A78E3}.Ad-Hoc|iPhone.ActiveCfg = Debug|Any CPU
		{74FF82C7-5AB7-4CE7-8007-5E93602A78E3}.Ad-Hoc|iPhone.Build.0 = Debug|Any CPU
		{74FF82C7-5AB7-4CE7-8007-5E93602A78E3}.Ad-Hoc|iPhoneSimulator.ActiveCfg = Debug|Any CPU
		{74FF82C7-5AB7-4CE7-8007-5E93602A78E3}.Ad-Hoc|iPhoneSimulator.Build.0 = Debug|Any CPU
		{74FF82C7-5AB7-4CE7-8007-5E93602A78E3}.Ad-Hoc|x64.ActiveCfg = Debug|Any CPU
		{74FF82C7-5AB7-4CE7-8007-5E93602A78E3}.Ad-Hoc|x64.Build.0 = Debug|Any CPU
		{74FF82C7-5AB7-4CE7-8007-5E93602A78E3}.Ad-Hoc|x86.ActiveCfg = Debug|Any CPU
		{74FF82C7-5AB7-4CE7-8007-5E93602A78E3}.Ad-Hoc|x86.Build.0 = Debug|Any CPU
		{74FF82C7-5AB7-4CE7-8007-5E93602A78E3}.AppStore|Any CPU.ActiveCfg = Debug|Any CPU
		{74FF82C7-5AB7-4CE7-8007-5E93602A78E3}.AppStore|Any CPU.Build.0 = Debug|Any CPU
		{74FF82C7-5AB7-4CE7-8007-5E93602A78E3}.AppStore|ARM.ActiveCfg = Debug|Any CPU
		{74FF82C7-5AB7-4CE7-8007-5E93602A78E3}.AppStore|ARM.Build.0 = Debug|Any CPU
		{74FF82C7-5AB7-4CE7-8007-5E93602A78E3}.AppStore|iPhone.ActiveCfg = Debug|Any CPU
		{74FF82C7-5AB7-4CE7-8007-5E93602A78E3}.AppStore|iPhone.Build.0 = Debug|Any CPU
		{74FF82C7-5AB7-4CE7-8007-5E93602A78E3}.AppStore|iPhoneSimulator.ActiveCfg = Debug|Any CPU
		{74FF82C7-5AB7-4CE7-8007-5E93602A78E3}.AppStore|iPhoneSimulator.Build.0 = Debug|Any CPU
		{74FF82C7-5AB7-4CE7-8007-5E93602A78E3}.AppStore|x64.ActiveCfg = Debug|Any CPU
		{74FF82C7-5AB7-4CE7-8007-5E93602A78E3}.AppStore|x64.Build.0 = Debug|Any CPU
		{74FF82C7-5AB7-4CE7-8007-5E93602A78E3}.AppStore|x86.ActiveCfg = Debug|Any CPU
		{74FF82C7-5AB7-4CE7-8007-5E93602A78E3}.AppStore|x86.Build.0 = Debug|Any CPU
		{74FF82C7-5AB7-4CE7-8007-5E93602A78E3}.Debug|Any CPU.ActiveCfg = Debug|Any CPU
		{74FF82C7-5AB7-4CE7-8007-5E93602A78E3}.Debug|Any CPU.Build.0 = Debug|Any CPU
		{74FF82C7-5AB7-4CE7-8007-5E93602A78E3}.Debug|ARM.ActiveCfg = Debug|Any CPU
		{74FF82C7-5AB7-4CE7-8007-5E93602A78E3}.Debug|ARM.Build.0 = Debug|Any CPU
		{74FF82C7-5AB7-4CE7-8007-5E93602A78E3}.Debug|iPhone.ActiveCfg = Debug|Any CPU
		{74FF82C7-5AB7-4CE7-8007-5E93602A78E3}.Debug|iPhone.Build.0 = Debug|Any CPU
		{74FF82C7-5AB7-4CE7-8007-5E93602A78E3}.Debug|iPhoneSimulator.ActiveCfg = Debug|Any CPU
		{74FF82C7-5AB7-4CE7-8007-5E93602A78E3}.Debug|iPhoneSimulator.Build.0 = Debug|Any CPU
		{74FF82C7-5AB7-4CE7-8007-5E93602A78E3}.Debug|x64.ActiveCfg = Debug|Any CPU
		{74FF82C7-5AB7-4CE7-8007-5E93602A78E3}.Debug|x64.Build.0 = Debug|Any CPU
		{74FF82C7-5AB7-4CE7-8007-5E93602A78E3}.Debug|x86.ActiveCfg = Debug|Any CPU
		{74FF82C7-5AB7-4CE7-8007-5E93602A78E3}.Debug|x86.Build.0 = Debug|Any CPU
		{74FF82C7-5AB7-4CE7-8007-5E93602A78E3}.Release|Any CPU.ActiveCfg = Release|Any CPU
		{74FF82C7-5AB7-4CE7-8007-5E93602A78E3}.Release|Any CPU.Build.0 = Release|Any CPU
		{74FF82C7-5AB7-4CE7-8007-5E93602A78E3}.Release|ARM.ActiveCfg = Release|Any CPU
		{74FF82C7-5AB7-4CE7-8007-5E93602A78E3}.Release|ARM.Build.0 = Release|Any CPU
		{74FF82C7-5AB7-4CE7-8007-5E93602A78E3}.Release|iPhone.ActiveCfg = Release|Any CPU
		{74FF82C7-5AB7-4CE7-8007-5E93602A78E3}.Release|iPhone.Build.0 = Release|Any CPU
		{74FF82C7-5AB7-4CE7-8007-5E93602A78E3}.Release|iPhoneSimulator.ActiveCfg = Release|Any CPU
		{74FF82C7-5AB7-4CE7-8007-5E93602A78E3}.Release|iPhoneSimulator.Build.0 = Release|Any CPU
		{74FF82C7-5AB7-4CE7-8007-5E93602A78E3}.Release|x64.ActiveCfg = Release|Any CPU
		{74FF82C7-5AB7-4CE7-8007-5E93602A78E3}.Release|x64.Build.0 = Release|Any CPU
		{74FF82C7-5AB7-4CE7-8007-5E93602A78E3}.Release|x86.ActiveCfg = Release|Any CPU
		{74FF82C7-5AB7-4CE7-8007-5E93602A78E3}.Release|x86.Build.0 = Release|Any CPU
		{0BE88B46-BC5F-4F31-97DF-5CE1FD8EB04B}.Ad-Hoc|Any CPU.ActiveCfg = Release|Any CPU
		{0BE88B46-BC5F-4F31-97DF-5CE1FD8EB04B}.Ad-Hoc|Any CPU.Build.0 = Release|Any CPU
		{0BE88B46-BC5F-4F31-97DF-5CE1FD8EB04B}.Ad-Hoc|ARM.ActiveCfg = Release|Any CPU
		{0BE88B46-BC5F-4F31-97DF-5CE1FD8EB04B}.Ad-Hoc|ARM.Build.0 = Release|Any CPU
		{0BE88B46-BC5F-4F31-97DF-5CE1FD8EB04B}.Ad-Hoc|iPhone.ActiveCfg = Release|Any CPU
		{0BE88B46-BC5F-4F31-97DF-5CE1FD8EB04B}.Ad-Hoc|iPhone.Build.0 = Release|Any CPU
		{0BE88B46-BC5F-4F31-97DF-5CE1FD8EB04B}.Ad-Hoc|iPhoneSimulator.ActiveCfg = Release|Any CPU
		{0BE88B46-BC5F-4F31-97DF-5CE1FD8EB04B}.Ad-Hoc|iPhoneSimulator.Build.0 = Release|Any CPU
		{0BE88B46-BC5F-4F31-97DF-5CE1FD8EB04B}.Ad-Hoc|x64.ActiveCfg = Release|Any CPU
		{0BE88B46-BC5F-4F31-97DF-5CE1FD8EB04B}.Ad-Hoc|x64.Build.0 = Release|Any CPU
		{0BE88B46-BC5F-4F31-97DF-5CE1FD8EB04B}.Ad-Hoc|x86.ActiveCfg = Release|Any CPU
		{0BE88B46-BC5F-4F31-97DF-5CE1FD8EB04B}.Ad-Hoc|x86.Build.0 = Release|Any CPU
		{0BE88B46-BC5F-4F31-97DF-5CE1FD8EB04B}.AppStore|Any CPU.ActiveCfg = Release|Any CPU
		{0BE88B46-BC5F-4F31-97DF-5CE1FD8EB04B}.AppStore|Any CPU.Build.0 = Release|Any CPU
		{0BE88B46-BC5F-4F31-97DF-5CE1FD8EB04B}.AppStore|ARM.ActiveCfg = Release|Any CPU
		{0BE88B46-BC5F-4F31-97DF-5CE1FD8EB04B}.AppStore|ARM.Build.0 = Release|Any CPU
		{0BE88B46-BC5F-4F31-97DF-5CE1FD8EB04B}.AppStore|iPhone.ActiveCfg = Release|Any CPU
		{0BE88B46-BC5F-4F31-97DF-5CE1FD8EB04B}.AppStore|iPhone.Build.0 = Release|Any CPU
		{0BE88B46-BC5F-4F31-97DF-5CE1FD8EB04B}.AppStore|iPhoneSimulator.ActiveCfg = Release|Any CPU
		{0BE88B46-BC5F-4F31-97DF-5CE1FD8EB04B}.AppStore|iPhoneSimulator.Build.0 = Release|Any CPU
		{0BE88B46-BC5F-4F31-97DF-5CE1FD8EB04B}.AppStore|x64.ActiveCfg = Release|Any CPU
		{0BE88B46-BC5F-4F31-97DF-5CE1FD8EB04B}.AppStore|x64.Build.0 = Release|Any CPU
		{0BE88B46-BC5F-4F31-97DF-5CE1FD8EB04B}.AppStore|x86.ActiveCfg = Release|Any CPU
		{0BE88B46-BC5F-4F31-97DF-5CE1FD8EB04B}.AppStore|x86.Build.0 = Release|Any CPU
		{0BE88B46-BC5F-4F31-97DF-5CE1FD8EB04B}.Debug|Any CPU.ActiveCfg = Debug|Any CPU
		{0BE88B46-BC5F-4F31-97DF-5CE1FD8EB04B}.Debug|Any CPU.Build.0 = Debug|Any CPU
		{0BE88B46-BC5F-4F31-97DF-5CE1FD8EB04B}.Debug|ARM.ActiveCfg = Debug|Any CPU
		{0BE88B46-BC5F-4F31-97DF-5CE1FD8EB04B}.Debug|ARM.Build.0 = Debug|Any CPU
		{0BE88B46-BC5F-4F31-97DF-5CE1FD8EB04B}.Debug|iPhone.ActiveCfg = Debug|Any CPU
		{0BE88B46-BC5F-4F31-97DF-5CE1FD8EB04B}.Debug|iPhone.Build.0 = Debug|Any CPU
		{0BE88B46-BC5F-4F31-97DF-5CE1FD8EB04B}.Debug|iPhoneSimulator.ActiveCfg = Debug|Any CPU
		{0BE88B46-BC5F-4F31-97DF-5CE1FD8EB04B}.Debug|iPhoneSimulator.Build.0 = Debug|Any CPU
		{0BE88B46-BC5F-4F31-97DF-5CE1FD8EB04B}.Debug|x64.ActiveCfg = Debug|Any CPU
		{0BE88B46-BC5F-4F31-97DF-5CE1FD8EB04B}.Debug|x64.Build.0 = Debug|Any CPU
		{0BE88B46-BC5F-4F31-97DF-5CE1FD8EB04B}.Debug|x86.ActiveCfg = Debug|Any CPU
		{0BE88B46-BC5F-4F31-97DF-5CE1FD8EB04B}.Debug|x86.Build.0 = Debug|Any CPU
		{0BE88B46-BC5F-4F31-97DF-5CE1FD8EB04B}.Release|Any CPU.ActiveCfg = Release|Any CPU
		{0BE88B46-BC5F-4F31-97DF-5CE1FD8EB04B}.Release|Any CPU.Build.0 = Release|Any CPU
		{0BE88B46-BC5F-4F31-97DF-5CE1FD8EB04B}.Release|ARM.ActiveCfg = Release|Any CPU
		{0BE88B46-BC5F-4F31-97DF-5CE1FD8EB04B}.Release|ARM.Build.0 = Release|Any CPU
		{0BE88B46-BC5F-4F31-97DF-5CE1FD8EB04B}.Release|iPhone.ActiveCfg = Release|Any CPU
		{0BE88B46-BC5F-4F31-97DF-5CE1FD8EB04B}.Release|iPhone.Build.0 = Release|Any CPU
		{0BE88B46-BC5F-4F31-97DF-5CE1FD8EB04B}.Release|iPhoneSimulator.ActiveCfg = Release|Any CPU
		{0BE88B46-BC5F-4F31-97DF-5CE1FD8EB04B}.Release|iPhoneSimulator.Build.0 = Release|Any CPU
		{0BE88B46-BC5F-4F31-97DF-5CE1FD8EB04B}.Release|x64.ActiveCfg = Release|Any CPU
		{0BE88B46-BC5F-4F31-97DF-5CE1FD8EB04B}.Release|x64.Build.0 = Release|Any CPU
		{0BE88B46-BC5F-4F31-97DF-5CE1FD8EB04B}.Release|x86.ActiveCfg = Release|Any CPU
		{0BE88B46-BC5F-4F31-97DF-5CE1FD8EB04B}.Release|x86.Build.0 = Release|Any CPU
		{145D2362-0CA6-4C35-A727-F24097ED4582}.Ad-Hoc|Any CPU.ActiveCfg = Debug|Any CPU
		{145D2362-0CA6-4C35-A727-F24097ED4582}.Ad-Hoc|Any CPU.Build.0 = Debug|Any CPU
		{145D2362-0CA6-4C35-A727-F24097ED4582}.Ad-Hoc|ARM.ActiveCfg = Debug|Any CPU
		{145D2362-0CA6-4C35-A727-F24097ED4582}.Ad-Hoc|ARM.Build.0 = Debug|Any CPU
		{145D2362-0CA6-4C35-A727-F24097ED4582}.Ad-Hoc|iPhone.ActiveCfg = Debug|Any CPU
		{145D2362-0CA6-4C35-A727-F24097ED4582}.Ad-Hoc|iPhone.Build.0 = Debug|Any CPU
		{145D2362-0CA6-4C35-A727-F24097ED4582}.Ad-Hoc|iPhoneSimulator.ActiveCfg = Debug|Any CPU
		{145D2362-0CA6-4C35-A727-F24097ED4582}.Ad-Hoc|iPhoneSimulator.Build.0 = Debug|Any CPU
		{145D2362-0CA6-4C35-A727-F24097ED4582}.Ad-Hoc|x64.ActiveCfg = Debug|Any CPU
		{145D2362-0CA6-4C35-A727-F24097ED4582}.Ad-Hoc|x64.Build.0 = Debug|Any CPU
		{145D2362-0CA6-4C35-A727-F24097ED4582}.Ad-Hoc|x86.ActiveCfg = Debug|Any CPU
		{145D2362-0CA6-4C35-A727-F24097ED4582}.Ad-Hoc|x86.Build.0 = Debug|Any CPU
		{145D2362-0CA6-4C35-A727-F24097ED4582}.AppStore|Any CPU.ActiveCfg = Debug|Any CPU
		{145D2362-0CA6-4C35-A727-F24097ED4582}.AppStore|Any CPU.Build.0 = Debug|Any CPU
		{145D2362-0CA6-4C35-A727-F24097ED4582}.AppStore|ARM.ActiveCfg = Debug|Any CPU
		{145D2362-0CA6-4C35-A727-F24097ED4582}.AppStore|ARM.Build.0 = Debug|Any CPU
		{145D2362-0CA6-4C35-A727-F24097ED4582}.AppStore|iPhone.ActiveCfg = Debug|Any CPU
		{145D2362-0CA6-4C35-A727-F24097ED4582}.AppStore|iPhone.Build.0 = Debug|Any CPU
		{145D2362-0CA6-4C35-A727-F24097ED4582}.AppStore|iPhoneSimulator.ActiveCfg = Debug|Any CPU
		{145D2362-0CA6-4C35-A727-F24097ED4582}.AppStore|iPhoneSimulator.Build.0 = Debug|Any CPU
		{145D2362-0CA6-4C35-A727-F24097ED4582}.AppStore|x64.ActiveCfg = Debug|Any CPU
		{145D2362-0CA6-4C35-A727-F24097ED4582}.AppStore|x64.Build.0 = Debug|Any CPU
		{145D2362-0CA6-4C35-A727-F24097ED4582}.AppStore|x86.ActiveCfg = Debug|Any CPU
		{145D2362-0CA6-4C35-A727-F24097ED4582}.AppStore|x86.Build.0 = Debug|Any CPU
		{145D2362-0CA6-4C35-A727-F24097ED4582}.Debug|Any CPU.ActiveCfg = Debug|Any CPU
		{145D2362-0CA6-4C35-A727-F24097ED4582}.Debug|Any CPU.Build.0 = Debug|Any CPU
		{145D2362-0CA6-4C35-A727-F24097ED4582}.Debug|ARM.ActiveCfg = Debug|Any CPU
		{145D2362-0CA6-4C35-A727-F24097ED4582}.Debug|ARM.Build.0 = Debug|Any CPU
		{145D2362-0CA6-4C35-A727-F24097ED4582}.Debug|iPhone.ActiveCfg = Debug|Any CPU
		{145D2362-0CA6-4C35-A727-F24097ED4582}.Debug|iPhone.Build.0 = Debug|Any CPU
		{145D2362-0CA6-4C35-A727-F24097ED4582}.Debug|iPhoneSimulator.ActiveCfg = Debug|Any CPU
		{145D2362-0CA6-4C35-A727-F24097ED4582}.Debug|iPhoneSimulator.Build.0 = Debug|Any CPU
		{145D2362-0CA6-4C35-A727-F24097ED4582}.Debug|x64.ActiveCfg = Debug|Any CPU
		{145D2362-0CA6-4C35-A727-F24097ED4582}.Debug|x64.Build.0 = Debug|Any CPU
		{145D2362-0CA6-4C35-A727-F24097ED4582}.Debug|x86.ActiveCfg = Debug|Any CPU
		{145D2362-0CA6-4C35-A727-F24097ED4582}.Debug|x86.Build.0 = Debug|Any CPU
		{145D2362-0CA6-4C35-A727-F24097ED4582}.Release|Any CPU.ActiveCfg = Release|Any CPU
		{145D2362-0CA6-4C35-A727-F24097ED4582}.Release|Any CPU.Build.0 = Release|Any CPU
		{145D2362-0CA6-4C35-A727-F24097ED4582}.Release|ARM.ActiveCfg = Release|Any CPU
		{145D2362-0CA6-4C35-A727-F24097ED4582}.Release|ARM.Build.0 = Release|Any CPU
		{145D2362-0CA6-4C35-A727-F24097ED4582}.Release|iPhone.ActiveCfg = Release|Any CPU
		{145D2362-0CA6-4C35-A727-F24097ED4582}.Release|iPhone.Build.0 = Release|Any CPU
		{145D2362-0CA6-4C35-A727-F24097ED4582}.Release|iPhoneSimulator.ActiveCfg = Release|Any CPU
		{145D2362-0CA6-4C35-A727-F24097ED4582}.Release|iPhoneSimulator.Build.0 = Release|Any CPU
		{145D2362-0CA6-4C35-A727-F24097ED4582}.Release|x64.ActiveCfg = Release|Any CPU
		{145D2362-0CA6-4C35-A727-F24097ED4582}.Release|x64.Build.0 = Release|Any CPU
		{145D2362-0CA6-4C35-A727-F24097ED4582}.Release|x86.ActiveCfg = Release|Any CPU
		{145D2362-0CA6-4C35-A727-F24097ED4582}.Release|x86.Build.0 = Release|Any CPU
		{CBC5EA0C-12B4-440B-9A84-B6D5A1B7DBED}.Ad-Hoc|Any CPU.ActiveCfg = Release|Any CPU
		{CBC5EA0C-12B4-440B-9A84-B6D5A1B7DBED}.Ad-Hoc|Any CPU.Build.0 = Release|Any CPU
		{CBC5EA0C-12B4-440B-9A84-B6D5A1B7DBED}.Ad-Hoc|ARM.ActiveCfg = Release|Any CPU
		{CBC5EA0C-12B4-440B-9A84-B6D5A1B7DBED}.Ad-Hoc|ARM.Build.0 = Release|Any CPU
		{CBC5EA0C-12B4-440B-9A84-B6D5A1B7DBED}.Ad-Hoc|iPhone.ActiveCfg = Release|Any CPU
		{CBC5EA0C-12B4-440B-9A84-B6D5A1B7DBED}.Ad-Hoc|iPhone.Build.0 = Release|Any CPU
		{CBC5EA0C-12B4-440B-9A84-B6D5A1B7DBED}.Ad-Hoc|iPhoneSimulator.ActiveCfg = Release|Any CPU
		{CBC5EA0C-12B4-440B-9A84-B6D5A1B7DBED}.Ad-Hoc|iPhoneSimulator.Build.0 = Release|Any CPU
		{CBC5EA0C-12B4-440B-9A84-B6D5A1B7DBED}.Ad-Hoc|x64.ActiveCfg = Release|Any CPU
		{CBC5EA0C-12B4-440B-9A84-B6D5A1B7DBED}.Ad-Hoc|x64.Build.0 = Release|Any CPU
		{CBC5EA0C-12B4-440B-9A84-B6D5A1B7DBED}.Ad-Hoc|x86.ActiveCfg = Release|Any CPU
		{CBC5EA0C-12B4-440B-9A84-B6D5A1B7DBED}.Ad-Hoc|x86.Build.0 = Release|Any CPU
		{CBC5EA0C-12B4-440B-9A84-B6D5A1B7DBED}.AppStore|Any CPU.ActiveCfg = Release|Any CPU
		{CBC5EA0C-12B4-440B-9A84-B6D5A1B7DBED}.AppStore|Any CPU.Build.0 = Release|Any CPU
		{CBC5EA0C-12B4-440B-9A84-B6D5A1B7DBED}.AppStore|ARM.ActiveCfg = Release|Any CPU
		{CBC5EA0C-12B4-440B-9A84-B6D5A1B7DBED}.AppStore|ARM.Build.0 = Release|Any CPU
		{CBC5EA0C-12B4-440B-9A84-B6D5A1B7DBED}.AppStore|iPhone.ActiveCfg = Release|Any CPU
		{CBC5EA0C-12B4-440B-9A84-B6D5A1B7DBED}.AppStore|iPhone.Build.0 = Release|Any CPU
		{CBC5EA0C-12B4-440B-9A84-B6D5A1B7DBED}.AppStore|iPhoneSimulator.ActiveCfg = Release|Any CPU
		{CBC5EA0C-12B4-440B-9A84-B6D5A1B7DBED}.AppStore|iPhoneSimulator.Build.0 = Release|Any CPU
		{CBC5EA0C-12B4-440B-9A84-B6D5A1B7DBED}.AppStore|x64.ActiveCfg = Release|Any CPU
		{CBC5EA0C-12B4-440B-9A84-B6D5A1B7DBED}.AppStore|x64.Build.0 = Release|Any CPU
		{CBC5EA0C-12B4-440B-9A84-B6D5A1B7DBED}.AppStore|x86.ActiveCfg = Release|Any CPU
		{CBC5EA0C-12B4-440B-9A84-B6D5A1B7DBED}.AppStore|x86.Build.0 = Release|Any CPU
		{CBC5EA0C-12B4-440B-9A84-B6D5A1B7DBED}.Debug|Any CPU.ActiveCfg = Debug|Any CPU
		{CBC5EA0C-12B4-440B-9A84-B6D5A1B7DBED}.Debug|Any CPU.Build.0 = Debug|Any CPU
		{CBC5EA0C-12B4-440B-9A84-B6D5A1B7DBED}.Debug|ARM.ActiveCfg = Debug|Any CPU
		{CBC5EA0C-12B4-440B-9A84-B6D5A1B7DBED}.Debug|ARM.Build.0 = Debug|Any CPU
		{CBC5EA0C-12B4-440B-9A84-B6D5A1B7DBED}.Debug|iPhone.ActiveCfg = Debug|Any CPU
		{CBC5EA0C-12B4-440B-9A84-B6D5A1B7DBED}.Debug|iPhone.Build.0 = Debug|Any CPU
		{CBC5EA0C-12B4-440B-9A84-B6D5A1B7DBED}.Debug|iPhoneSimulator.ActiveCfg = Debug|Any CPU
		{CBC5EA0C-12B4-440B-9A84-B6D5A1B7DBED}.Debug|iPhoneSimulator.Build.0 = Debug|Any CPU
		{CBC5EA0C-12B4-440B-9A84-B6D5A1B7DBED}.Debug|x64.ActiveCfg = Debug|Any CPU
		{CBC5EA0C-12B4-440B-9A84-B6D5A1B7DBED}.Debug|x64.Build.0 = Debug|Any CPU
		{CBC5EA0C-12B4-440B-9A84-B6D5A1B7DBED}.Debug|x86.ActiveCfg = Debug|Any CPU
		{CBC5EA0C-12B4-440B-9A84-B6D5A1B7DBED}.Debug|x86.Build.0 = Debug|Any CPU
		{CBC5EA0C-12B4-440B-9A84-B6D5A1B7DBED}.Release|Any CPU.ActiveCfg = Release|Any CPU
		{CBC5EA0C-12B4-440B-9A84-B6D5A1B7DBED}.Release|Any CPU.Build.0 = Release|Any CPU
		{CBC5EA0C-12B4-440B-9A84-B6D5A1B7DBED}.Release|ARM.ActiveCfg = Release|Any CPU
		{CBC5EA0C-12B4-440B-9A84-B6D5A1B7DBED}.Release|ARM.Build.0 = Release|Any CPU
		{CBC5EA0C-12B4-440B-9A84-B6D5A1B7DBED}.Release|iPhone.ActiveCfg = Release|Any CPU
		{CBC5EA0C-12B4-440B-9A84-B6D5A1B7DBED}.Release|iPhone.Build.0 = Release|Any CPU
		{CBC5EA0C-12B4-440B-9A84-B6D5A1B7DBED}.Release|iPhoneSimulator.ActiveCfg = Release|Any CPU
		{CBC5EA0C-12B4-440B-9A84-B6D5A1B7DBED}.Release|iPhoneSimulator.Build.0 = Release|Any CPU
		{CBC5EA0C-12B4-440B-9A84-B6D5A1B7DBED}.Release|x64.ActiveCfg = Release|Any CPU
		{CBC5EA0C-12B4-440B-9A84-B6D5A1B7DBED}.Release|x64.Build.0 = Release|Any CPU
		{CBC5EA0C-12B4-440B-9A84-B6D5A1B7DBED}.Release|x86.ActiveCfg = Release|Any CPU
		{CBC5EA0C-12B4-440B-9A84-B6D5A1B7DBED}.Release|x86.Build.0 = Release|Any CPU
		{2C4F48E7-7F35-4ED0-9A15-ABD3F0A38AD0}.Ad-Hoc|Any CPU.ActiveCfg = Release|Any CPU
		{2C4F48E7-7F35-4ED0-9A15-ABD3F0A38AD0}.Ad-Hoc|Any CPU.Build.0 = Release|Any CPU
		{2C4F48E7-7F35-4ED0-9A15-ABD3F0A38AD0}.Ad-Hoc|ARM.ActiveCfg = Release|Any CPU
		{2C4F48E7-7F35-4ED0-9A15-ABD3F0A38AD0}.Ad-Hoc|ARM.Build.0 = Release|Any CPU
		{2C4F48E7-7F35-4ED0-9A15-ABD3F0A38AD0}.Ad-Hoc|iPhone.ActiveCfg = Release|Any CPU
		{2C4F48E7-7F35-4ED0-9A15-ABD3F0A38AD0}.Ad-Hoc|iPhone.Build.0 = Release|Any CPU
		{2C4F48E7-7F35-4ED0-9A15-ABD3F0A38AD0}.Ad-Hoc|iPhoneSimulator.ActiveCfg = Release|Any CPU
		{2C4F48E7-7F35-4ED0-9A15-ABD3F0A38AD0}.Ad-Hoc|iPhoneSimulator.Build.0 = Release|Any CPU
		{2C4F48E7-7F35-4ED0-9A15-ABD3F0A38AD0}.Ad-Hoc|x64.ActiveCfg = Release|Any CPU
		{2C4F48E7-7F35-4ED0-9A15-ABD3F0A38AD0}.Ad-Hoc|x64.Build.0 = Release|Any CPU
		{2C4F48E7-7F35-4ED0-9A15-ABD3F0A38AD0}.Ad-Hoc|x86.ActiveCfg = Release|Any CPU
		{2C4F48E7-7F35-4ED0-9A15-ABD3F0A38AD0}.Ad-Hoc|x86.Build.0 = Release|Any CPU
		{2C4F48E7-7F35-4ED0-9A15-ABD3F0A38AD0}.AppStore|Any CPU.ActiveCfg = Release|Any CPU
		{2C4F48E7-7F35-4ED0-9A15-ABD3F0A38AD0}.AppStore|Any CPU.Build.0 = Release|Any CPU
		{2C4F48E7-7F35-4ED0-9A15-ABD3F0A38AD0}.AppStore|ARM.ActiveCfg = Release|Any CPU
		{2C4F48E7-7F35-4ED0-9A15-ABD3F0A38AD0}.AppStore|ARM.Build.0 = Release|Any CPU
		{2C4F48E7-7F35-4ED0-9A15-ABD3F0A38AD0}.AppStore|iPhone.ActiveCfg = Release|Any CPU
		{2C4F48E7-7F35-4ED0-9A15-ABD3F0A38AD0}.AppStore|iPhone.Build.0 = Release|Any CPU
		{2C4F48E7-7F35-4ED0-9A15-ABD3F0A38AD0}.AppStore|iPhoneSimulator.ActiveCfg = Release|Any CPU
		{2C4F48E7-7F35-4ED0-9A15-ABD3F0A38AD0}.AppStore|iPhoneSimulator.Build.0 = Release|Any CPU
		{2C4F48E7-7F35-4ED0-9A15-ABD3F0A38AD0}.AppStore|x64.ActiveCfg = Release|Any CPU
		{2C4F48E7-7F35-4ED0-9A15-ABD3F0A38AD0}.AppStore|x64.Build.0 = Release|Any CPU
		{2C4F48E7-7F35-4ED0-9A15-ABD3F0A38AD0}.AppStore|x86.ActiveCfg = Release|Any CPU
		{2C4F48E7-7F35-4ED0-9A15-ABD3F0A38AD0}.AppStore|x86.Build.0 = Release|Any CPU
		{2C4F48E7-7F35-4ED0-9A15-ABD3F0A38AD0}.Debug|Any CPU.ActiveCfg = Debug|Any CPU
		{2C4F48E7-7F35-4ED0-9A15-ABD3F0A38AD0}.Debug|Any CPU.Build.0 = Debug|Any CPU
		{2C4F48E7-7F35-4ED0-9A15-ABD3F0A38AD0}.Debug|ARM.ActiveCfg = Debug|Any CPU
		{2C4F48E7-7F35-4ED0-9A15-ABD3F0A38AD0}.Debug|ARM.Build.0 = Debug|Any CPU
		{2C4F48E7-7F35-4ED0-9A15-ABD3F0A38AD0}.Debug|iPhone.ActiveCfg = Debug|Any CPU
		{2C4F48E7-7F35-4ED0-9A15-ABD3F0A38AD0}.Debug|iPhone.Build.0 = Debug|Any CPU
		{2C4F48E7-7F35-4ED0-9A15-ABD3F0A38AD0}.Debug|iPhoneSimulator.ActiveCfg = Debug|Any CPU
		{2C4F48E7-7F35-4ED0-9A15-ABD3F0A38AD0}.Debug|iPhoneSimulator.Build.0 = Debug|Any CPU
		{2C4F48E7-7F35-4ED0-9A15-ABD3F0A38AD0}.Debug|x64.ActiveCfg = Debug|Any CPU
		{2C4F48E7-7F35-4ED0-9A15-ABD3F0A38AD0}.Debug|x64.Build.0 = Debug|Any CPU
		{2C4F48E7-7F35-4ED0-9A15-ABD3F0A38AD0}.Debug|x86.ActiveCfg = Debug|Any CPU
		{2C4F48E7-7F35-4ED0-9A15-ABD3F0A38AD0}.Debug|x86.Build.0 = Debug|Any CPU
		{2C4F48E7-7F35-4ED0-9A15-ABD3F0A38AD0}.Release|Any CPU.ActiveCfg = Release|Any CPU
		{2C4F48E7-7F35-4ED0-9A15-ABD3F0A38AD0}.Release|Any CPU.Build.0 = Release|Any CPU
		{2C4F48E7-7F35-4ED0-9A15-ABD3F0A38AD0}.Release|ARM.ActiveCfg = Release|Any CPU
		{2C4F48E7-7F35-4ED0-9A15-ABD3F0A38AD0}.Release|ARM.Build.0 = Release|Any CPU
		{2C4F48E7-7F35-4ED0-9A15-ABD3F0A38AD0}.Release|iPhone.ActiveCfg = Release|Any CPU
		{2C4F48E7-7F35-4ED0-9A15-ABD3F0A38AD0}.Release|iPhone.Build.0 = Release|Any CPU
		{2C4F48E7-7F35-4ED0-9A15-ABD3F0A38AD0}.Release|iPhoneSimulator.ActiveCfg = Release|Any CPU
		{2C4F48E7-7F35-4ED0-9A15-ABD3F0A38AD0}.Release|iPhoneSimulator.Build.0 = Release|Any CPU
		{2C4F48E7-7F35-4ED0-9A15-ABD3F0A38AD0}.Release|x64.ActiveCfg = Release|Any CPU
		{2C4F48E7-7F35-4ED0-9A15-ABD3F0A38AD0}.Release|x64.Build.0 = Release|Any CPU
		{2C4F48E7-7F35-4ED0-9A15-ABD3F0A38AD0}.Release|x86.ActiveCfg = Release|Any CPU
		{2C4F48E7-7F35-4ED0-9A15-ABD3F0A38AD0}.Release|x86.Build.0 = Release|Any CPU
		{75F38D2D-C200-4842-9CB0-BCDD182838D2}.Ad-Hoc|Any CPU.ActiveCfg = Release|Any CPU
		{75F38D2D-C200-4842-9CB0-BCDD182838D2}.Ad-Hoc|Any CPU.Build.0 = Release|Any CPU
		{75F38D2D-C200-4842-9CB0-BCDD182838D2}.Ad-Hoc|ARM.ActiveCfg = Release|ARM
		{75F38D2D-C200-4842-9CB0-BCDD182838D2}.Ad-Hoc|ARM.Build.0 = Release|ARM
		{75F38D2D-C200-4842-9CB0-BCDD182838D2}.Ad-Hoc|iPhone.ActiveCfg = Release|Any CPU
		{75F38D2D-C200-4842-9CB0-BCDD182838D2}.Ad-Hoc|iPhone.Build.0 = Release|Any CPU
		{75F38D2D-C200-4842-9CB0-BCDD182838D2}.Ad-Hoc|iPhoneSimulator.ActiveCfg = Release|Any CPU
		{75F38D2D-C200-4842-9CB0-BCDD182838D2}.Ad-Hoc|iPhoneSimulator.Build.0 = Release|Any CPU
		{75F38D2D-C200-4842-9CB0-BCDD182838D2}.Ad-Hoc|x64.ActiveCfg = Release|x64
		{75F38D2D-C200-4842-9CB0-BCDD182838D2}.Ad-Hoc|x64.Build.0 = Release|x64
		{75F38D2D-C200-4842-9CB0-BCDD182838D2}.Ad-Hoc|x86.ActiveCfg = Release|x86
		{75F38D2D-C200-4842-9CB0-BCDD182838D2}.Ad-Hoc|x86.Build.0 = Release|x86
		{75F38D2D-C200-4842-9CB0-BCDD182838D2}.AppStore|Any CPU.ActiveCfg = Release|Any CPU
		{75F38D2D-C200-4842-9CB0-BCDD182838D2}.AppStore|Any CPU.Build.0 = Release|Any CPU
		{75F38D2D-C200-4842-9CB0-BCDD182838D2}.AppStore|ARM.ActiveCfg = Release|ARM
		{75F38D2D-C200-4842-9CB0-BCDD182838D2}.AppStore|ARM.Build.0 = Release|ARM
		{75F38D2D-C200-4842-9CB0-BCDD182838D2}.AppStore|iPhone.ActiveCfg = Release|Any CPU
		{75F38D2D-C200-4842-9CB0-BCDD182838D2}.AppStore|iPhone.Build.0 = Release|Any CPU
		{75F38D2D-C200-4842-9CB0-BCDD182838D2}.AppStore|iPhoneSimulator.ActiveCfg = Release|Any CPU
		{75F38D2D-C200-4842-9CB0-BCDD182838D2}.AppStore|iPhoneSimulator.Build.0 = Release|Any CPU
		{75F38D2D-C200-4842-9CB0-BCDD182838D2}.AppStore|x64.ActiveCfg = Release|x64
		{75F38D2D-C200-4842-9CB0-BCDD182838D2}.AppStore|x64.Build.0 = Release|x64
		{75F38D2D-C200-4842-9CB0-BCDD182838D2}.AppStore|x86.ActiveCfg = Release|x86
		{75F38D2D-C200-4842-9CB0-BCDD182838D2}.AppStore|x86.Build.0 = Release|x86
		{75F38D2D-C200-4842-9CB0-BCDD182838D2}.Debug|Any CPU.ActiveCfg = Debug|Any CPU
		{75F38D2D-C200-4842-9CB0-BCDD182838D2}.Debug|Any CPU.Build.0 = Debug|Any CPU
		{75F38D2D-C200-4842-9CB0-BCDD182838D2}.Debug|ARM.ActiveCfg = Debug|ARM
		{75F38D2D-C200-4842-9CB0-BCDD182838D2}.Debug|ARM.Build.0 = Debug|ARM
		{75F38D2D-C200-4842-9CB0-BCDD182838D2}.Debug|iPhone.ActiveCfg = Debug|Any CPU
		{75F38D2D-C200-4842-9CB0-BCDD182838D2}.Debug|iPhone.Build.0 = Debug|Any CPU
		{75F38D2D-C200-4842-9CB0-BCDD182838D2}.Debug|iPhoneSimulator.ActiveCfg = Debug|Any CPU
		{75F38D2D-C200-4842-9CB0-BCDD182838D2}.Debug|iPhoneSimulator.Build.0 = Debug|Any CPU
		{75F38D2D-C200-4842-9CB0-BCDD182838D2}.Debug|x64.ActiveCfg = Debug|x64
		{75F38D2D-C200-4842-9CB0-BCDD182838D2}.Debug|x64.Build.0 = Debug|x64
		{75F38D2D-C200-4842-9CB0-BCDD182838D2}.Debug|x86.ActiveCfg = Debug|x86
		{75F38D2D-C200-4842-9CB0-BCDD182838D2}.Debug|x86.Build.0 = Debug|x86
		{75F38D2D-C200-4842-9CB0-BCDD182838D2}.Release|Any CPU.ActiveCfg = Release|Any CPU
		{75F38D2D-C200-4842-9CB0-BCDD182838D2}.Release|Any CPU.Build.0 = Release|Any CPU
		{75F38D2D-C200-4842-9CB0-BCDD182838D2}.Release|ARM.ActiveCfg = Release|ARM
		{75F38D2D-C200-4842-9CB0-BCDD182838D2}.Release|ARM.Build.0 = Release|ARM
		{75F38D2D-C200-4842-9CB0-BCDD182838D2}.Release|iPhone.ActiveCfg = Release|Any CPU
		{75F38D2D-C200-4842-9CB0-BCDD182838D2}.Release|iPhone.Build.0 = Release|Any CPU
		{75F38D2D-C200-4842-9CB0-BCDD182838D2}.Release|iPhoneSimulator.ActiveCfg = Release|Any CPU
		{75F38D2D-C200-4842-9CB0-BCDD182838D2}.Release|iPhoneSimulator.Build.0 = Release|Any CPU
		{75F38D2D-C200-4842-9CB0-BCDD182838D2}.Release|x64.ActiveCfg = Release|x64
		{75F38D2D-C200-4842-9CB0-BCDD182838D2}.Release|x64.Build.0 = Release|x64
		{75F38D2D-C200-4842-9CB0-BCDD182838D2}.Release|x86.ActiveCfg = Release|x86
		{75F38D2D-C200-4842-9CB0-BCDD182838D2}.Release|x86.Build.0 = Release|x86
		{4DC6A992-335F-4016-9FDF-DB6A5CD55892}.Ad-Hoc|Any CPU.ActiveCfg = Release|Any CPU
		{4DC6A992-335F-4016-9FDF-DB6A5CD55892}.Ad-Hoc|Any CPU.Build.0 = Release|Any CPU
		{4DC6A992-335F-4016-9FDF-DB6A5CD55892}.Ad-Hoc|ARM.ActiveCfg = Release|Any CPU
		{4DC6A992-335F-4016-9FDF-DB6A5CD55892}.Ad-Hoc|ARM.Build.0 = Release|Any CPU
		{4DC6A992-335F-4016-9FDF-DB6A5CD55892}.Ad-Hoc|iPhone.ActiveCfg = Release|Any CPU
		{4DC6A992-335F-4016-9FDF-DB6A5CD55892}.Ad-Hoc|iPhone.Build.0 = Release|Any CPU
		{4DC6A992-335F-4016-9FDF-DB6A5CD55892}.Ad-Hoc|iPhoneSimulator.ActiveCfg = Release|Any CPU
		{4DC6A992-335F-4016-9FDF-DB6A5CD55892}.Ad-Hoc|iPhoneSimulator.Build.0 = Release|Any CPU
		{4DC6A992-335F-4016-9FDF-DB6A5CD55892}.Ad-Hoc|x64.ActiveCfg = Release|Any CPU
		{4DC6A992-335F-4016-9FDF-DB6A5CD55892}.Ad-Hoc|x64.Build.0 = Release|Any CPU
		{4DC6A992-335F-4016-9FDF-DB6A5CD55892}.Ad-Hoc|x86.ActiveCfg = Release|Any CPU
		{4DC6A992-335F-4016-9FDF-DB6A5CD55892}.Ad-Hoc|x86.Build.0 = Release|Any CPU
		{4DC6A992-335F-4016-9FDF-DB6A5CD55892}.AppStore|Any CPU.ActiveCfg = Release|Any CPU
		{4DC6A992-335F-4016-9FDF-DB6A5CD55892}.AppStore|Any CPU.Build.0 = Release|Any CPU
		{4DC6A992-335F-4016-9FDF-DB6A5CD55892}.AppStore|ARM.ActiveCfg = Release|Any CPU
		{4DC6A992-335F-4016-9FDF-DB6A5CD55892}.AppStore|ARM.Build.0 = Release|Any CPU
		{4DC6A992-335F-4016-9FDF-DB6A5CD55892}.AppStore|iPhone.ActiveCfg = Release|Any CPU
		{4DC6A992-335F-4016-9FDF-DB6A5CD55892}.AppStore|iPhone.Build.0 = Release|Any CPU
		{4DC6A992-335F-4016-9FDF-DB6A5CD55892}.AppStore|iPhoneSimulator.ActiveCfg = Release|Any CPU
		{4DC6A992-335F-4016-9FDF-DB6A5CD55892}.AppStore|iPhoneSimulator.Build.0 = Release|Any CPU
		{4DC6A992-335F-4016-9FDF-DB6A5CD55892}.AppStore|x64.ActiveCfg = Release|Any CPU
		{4DC6A992-335F-4016-9FDF-DB6A5CD55892}.AppStore|x64.Build.0 = Release|Any CPU
		{4DC6A992-335F-4016-9FDF-DB6A5CD55892}.AppStore|x86.ActiveCfg = Release|Any CPU
		{4DC6A992-335F-4016-9FDF-DB6A5CD55892}.AppStore|x86.Build.0 = Release|Any CPU
		{4DC6A992-335F-4016-9FDF-DB6A5CD55892}.Debug|Any CPU.ActiveCfg = Debug|Any CPU
		{4DC6A992-335F-4016-9FDF-DB6A5CD55892}.Debug|Any CPU.Build.0 = Debug|Any CPU
		{4DC6A992-335F-4016-9FDF-DB6A5CD55892}.Debug|ARM.ActiveCfg = Debug|Any CPU
		{4DC6A992-335F-4016-9FDF-DB6A5CD55892}.Debug|ARM.Build.0 = Debug|Any CPU
		{4DC6A992-335F-4016-9FDF-DB6A5CD55892}.Debug|iPhone.ActiveCfg = Debug|Any CPU
		{4DC6A992-335F-4016-9FDF-DB6A5CD55892}.Debug|iPhone.Build.0 = Debug|Any CPU
		{4DC6A992-335F-4016-9FDF-DB6A5CD55892}.Debug|iPhoneSimulator.ActiveCfg = Debug|Any CPU
		{4DC6A992-335F-4016-9FDF-DB6A5CD55892}.Debug|iPhoneSimulator.Build.0 = Debug|Any CPU
		{4DC6A992-335F-4016-9FDF-DB6A5CD55892}.Debug|x64.ActiveCfg = Debug|Any CPU
		{4DC6A992-335F-4016-9FDF-DB6A5CD55892}.Debug|x64.Build.0 = Debug|Any CPU
		{4DC6A992-335F-4016-9FDF-DB6A5CD55892}.Debug|x86.ActiveCfg = Debug|Any CPU
		{4DC6A992-335F-4016-9FDF-DB6A5CD55892}.Debug|x86.Build.0 = Debug|Any CPU
		{4DC6A992-335F-4016-9FDF-DB6A5CD55892}.Release|Any CPU.ActiveCfg = Release|Any CPU
		{4DC6A992-335F-4016-9FDF-DB6A5CD55892}.Release|Any CPU.Build.0 = Release|Any CPU
		{4DC6A992-335F-4016-9FDF-DB6A5CD55892}.Release|ARM.ActiveCfg = Release|Any CPU
		{4DC6A992-335F-4016-9FDF-DB6A5CD55892}.Release|ARM.Build.0 = Release|Any CPU
		{4DC6A992-335F-4016-9FDF-DB6A5CD55892}.Release|iPhone.ActiveCfg = Release|Any CPU
		{4DC6A992-335F-4016-9FDF-DB6A5CD55892}.Release|iPhone.Build.0 = Release|Any CPU
		{4DC6A992-335F-4016-9FDF-DB6A5CD55892}.Release|iPhoneSimulator.ActiveCfg = Release|Any CPU
		{4DC6A992-335F-4016-9FDF-DB6A5CD55892}.Release|iPhoneSimulator.Build.0 = Release|Any CPU
		{4DC6A992-335F-4016-9FDF-DB6A5CD55892}.Release|x64.ActiveCfg = Release|Any CPU
		{4DC6A992-335F-4016-9FDF-DB6A5CD55892}.Release|x64.Build.0 = Release|Any CPU
		{4DC6A992-335F-4016-9FDF-DB6A5CD55892}.Release|x86.ActiveCfg = Release|Any CPU
		{4DC6A992-335F-4016-9FDF-DB6A5CD55892}.Release|x86.Build.0 = Release|Any CPU
		{3365091C-7C2D-487D-B803-68EDFE8B73F6}.Ad-Hoc|Any CPU.ActiveCfg = Release|Any CPU
		{3365091C-7C2D-487D-B803-68EDFE8B73F6}.Ad-Hoc|Any CPU.Build.0 = Release|Any CPU
		{3365091C-7C2D-487D-B803-68EDFE8B73F6}.Ad-Hoc|ARM.ActiveCfg = Release|ARM
		{3365091C-7C2D-487D-B803-68EDFE8B73F6}.Ad-Hoc|ARM.Build.0 = Release|ARM
		{3365091C-7C2D-487D-B803-68EDFE8B73F6}.Ad-Hoc|iPhone.ActiveCfg = Release|Any CPU
		{3365091C-7C2D-487D-B803-68EDFE8B73F6}.Ad-Hoc|iPhone.Build.0 = Release|Any CPU
		{3365091C-7C2D-487D-B803-68EDFE8B73F6}.Ad-Hoc|iPhoneSimulator.ActiveCfg = Release|Any CPU
		{3365091C-7C2D-487D-B803-68EDFE8B73F6}.Ad-Hoc|iPhoneSimulator.Build.0 = Release|Any CPU
		{3365091C-7C2D-487D-B803-68EDFE8B73F6}.Ad-Hoc|x64.ActiveCfg = Release|x64
		{3365091C-7C2D-487D-B803-68EDFE8B73F6}.Ad-Hoc|x64.Build.0 = Release|x64
		{3365091C-7C2D-487D-B803-68EDFE8B73F6}.Ad-Hoc|x86.ActiveCfg = Release|x86
		{3365091C-7C2D-487D-B803-68EDFE8B73F6}.Ad-Hoc|x86.Build.0 = Release|x86
		{3365091C-7C2D-487D-B803-68EDFE8B73F6}.AppStore|Any CPU.ActiveCfg = Release|Any CPU
		{3365091C-7C2D-487D-B803-68EDFE8B73F6}.AppStore|Any CPU.Build.0 = Release|Any CPU
		{3365091C-7C2D-487D-B803-68EDFE8B73F6}.AppStore|ARM.ActiveCfg = Release|ARM
		{3365091C-7C2D-487D-B803-68EDFE8B73F6}.AppStore|ARM.Build.0 = Release|ARM
		{3365091C-7C2D-487D-B803-68EDFE8B73F6}.AppStore|iPhone.ActiveCfg = Release|Any CPU
		{3365091C-7C2D-487D-B803-68EDFE8B73F6}.AppStore|iPhone.Build.0 = Release|Any CPU
		{3365091C-7C2D-487D-B803-68EDFE8B73F6}.AppStore|iPhoneSimulator.ActiveCfg = Release|Any CPU
		{3365091C-7C2D-487D-B803-68EDFE8B73F6}.AppStore|iPhoneSimulator.Build.0 = Release|Any CPU
		{3365091C-7C2D-487D-B803-68EDFE8B73F6}.AppStore|x64.ActiveCfg = Release|x64
		{3365091C-7C2D-487D-B803-68EDFE8B73F6}.AppStore|x64.Build.0 = Release|x64
		{3365091C-7C2D-487D-B803-68EDFE8B73F6}.AppStore|x86.ActiveCfg = Release|x86
		{3365091C-7C2D-487D-B803-68EDFE8B73F6}.AppStore|x86.Build.0 = Release|x86
		{3365091C-7C2D-487D-B803-68EDFE8B73F6}.Debug|Any CPU.ActiveCfg = Debug|Any CPU
		{3365091C-7C2D-487D-B803-68EDFE8B73F6}.Debug|Any CPU.Build.0 = Debug|Any CPU
		{3365091C-7C2D-487D-B803-68EDFE8B73F6}.Debug|ARM.ActiveCfg = Debug|ARM
		{3365091C-7C2D-487D-B803-68EDFE8B73F6}.Debug|ARM.Build.0 = Debug|ARM
		{3365091C-7C2D-487D-B803-68EDFE8B73F6}.Debug|iPhone.ActiveCfg = Debug|Any CPU
		{3365091C-7C2D-487D-B803-68EDFE8B73F6}.Debug|iPhone.Build.0 = Debug|Any CPU
		{3365091C-7C2D-487D-B803-68EDFE8B73F6}.Debug|iPhoneSimulator.ActiveCfg = Debug|Any CPU
		{3365091C-7C2D-487D-B803-68EDFE8B73F6}.Debug|iPhoneSimulator.Build.0 = Debug|Any CPU
		{3365091C-7C2D-487D-B803-68EDFE8B73F6}.Debug|x64.ActiveCfg = Debug|x64
		{3365091C-7C2D-487D-B803-68EDFE8B73F6}.Debug|x64.Build.0 = Debug|x64
		{3365091C-7C2D-487D-B803-68EDFE8B73F6}.Debug|x86.ActiveCfg = Debug|x86
		{3365091C-7C2D-487D-B803-68EDFE8B73F6}.Debug|x86.Build.0 = Debug|x86
		{3365091C-7C2D-487D-B803-68EDFE8B73F6}.Release|Any CPU.ActiveCfg = Release|Any CPU
		{3365091C-7C2D-487D-B803-68EDFE8B73F6}.Release|Any CPU.Build.0 = Release|Any CPU
		{3365091C-7C2D-487D-B803-68EDFE8B73F6}.Release|ARM.ActiveCfg = Release|ARM
		{3365091C-7C2D-487D-B803-68EDFE8B73F6}.Release|ARM.Build.0 = Release|ARM
		{3365091C-7C2D-487D-B803-68EDFE8B73F6}.Release|iPhone.ActiveCfg = Release|Any CPU
		{3365091C-7C2D-487D-B803-68EDFE8B73F6}.Release|iPhone.Build.0 = Release|Any CPU
		{3365091C-7C2D-487D-B803-68EDFE8B73F6}.Release|iPhoneSimulator.ActiveCfg = Release|Any CPU
		{3365091C-7C2D-487D-B803-68EDFE8B73F6}.Release|iPhoneSimulator.Build.0 = Release|Any CPU
		{3365091C-7C2D-487D-B803-68EDFE8B73F6}.Release|x64.ActiveCfg = Release|x64
		{3365091C-7C2D-487D-B803-68EDFE8B73F6}.Release|x64.Build.0 = Release|x64
		{3365091C-7C2D-487D-B803-68EDFE8B73F6}.Release|x86.ActiveCfg = Release|x86
		{3365091C-7C2D-487D-B803-68EDFE8B73F6}.Release|x86.Build.0 = Release|x86
		{3AF1011C-F5E5-4B6F-BB10-F8756A31E46C}.Ad-Hoc|Any CPU.ActiveCfg = Debug|Any CPU
		{3AF1011C-F5E5-4B6F-BB10-F8756A31E46C}.Ad-Hoc|Any CPU.Build.0 = Debug|Any CPU
		{3AF1011C-F5E5-4B6F-BB10-F8756A31E46C}.Ad-Hoc|ARM.ActiveCfg = Debug|Any CPU
		{3AF1011C-F5E5-4B6F-BB10-F8756A31E46C}.Ad-Hoc|ARM.Build.0 = Debug|Any CPU
		{3AF1011C-F5E5-4B6F-BB10-F8756A31E46C}.Ad-Hoc|iPhone.ActiveCfg = Debug|Any CPU
		{3AF1011C-F5E5-4B6F-BB10-F8756A31E46C}.Ad-Hoc|iPhone.Build.0 = Debug|Any CPU
		{3AF1011C-F5E5-4B6F-BB10-F8756A31E46C}.Ad-Hoc|iPhoneSimulator.ActiveCfg = Debug|Any CPU
		{3AF1011C-F5E5-4B6F-BB10-F8756A31E46C}.Ad-Hoc|iPhoneSimulator.Build.0 = Debug|Any CPU
		{3AF1011C-F5E5-4B6F-BB10-F8756A31E46C}.Ad-Hoc|x64.ActiveCfg = Debug|Any CPU
		{3AF1011C-F5E5-4B6F-BB10-F8756A31E46C}.Ad-Hoc|x64.Build.0 = Debug|Any CPU
		{3AF1011C-F5E5-4B6F-BB10-F8756A31E46C}.Ad-Hoc|x86.ActiveCfg = Debug|Any CPU
		{3AF1011C-F5E5-4B6F-BB10-F8756A31E46C}.Ad-Hoc|x86.Build.0 = Debug|Any CPU
		{3AF1011C-F5E5-4B6F-BB10-F8756A31E46C}.AppStore|Any CPU.ActiveCfg = Debug|Any CPU
		{3AF1011C-F5E5-4B6F-BB10-F8756A31E46C}.AppStore|Any CPU.Build.0 = Debug|Any CPU
		{3AF1011C-F5E5-4B6F-BB10-F8756A31E46C}.AppStore|ARM.ActiveCfg = Debug|Any CPU
		{3AF1011C-F5E5-4B6F-BB10-F8756A31E46C}.AppStore|ARM.Build.0 = Debug|Any CPU
		{3AF1011C-F5E5-4B6F-BB10-F8756A31E46C}.AppStore|iPhone.ActiveCfg = Debug|Any CPU
		{3AF1011C-F5E5-4B6F-BB10-F8756A31E46C}.AppStore|iPhone.Build.0 = Debug|Any CPU
		{3AF1011C-F5E5-4B6F-BB10-F8756A31E46C}.AppStore|iPhoneSimulator.ActiveCfg = Debug|Any CPU
		{3AF1011C-F5E5-4B6F-BB10-F8756A31E46C}.AppStore|iPhoneSimulator.Build.0 = Debug|Any CPU
		{3AF1011C-F5E5-4B6F-BB10-F8756A31E46C}.AppStore|x64.ActiveCfg = Debug|Any CPU
		{3AF1011C-F5E5-4B6F-BB10-F8756A31E46C}.AppStore|x64.Build.0 = Debug|Any CPU
		{3AF1011C-F5E5-4B6F-BB10-F8756A31E46C}.AppStore|x86.ActiveCfg = Debug|Any CPU
		{3AF1011C-F5E5-4B6F-BB10-F8756A31E46C}.AppStore|x86.Build.0 = Debug|Any CPU
		{3AF1011C-F5E5-4B6F-BB10-F8756A31E46C}.Debug|Any CPU.ActiveCfg = Debug|Any CPU
		{3AF1011C-F5E5-4B6F-BB10-F8756A31E46C}.Debug|Any CPU.Build.0 = Debug|Any CPU
		{3AF1011C-F5E5-4B6F-BB10-F8756A31E46C}.Debug|ARM.ActiveCfg = Debug|Any CPU
		{3AF1011C-F5E5-4B6F-BB10-F8756A31E46C}.Debug|ARM.Build.0 = Debug|Any CPU
		{3AF1011C-F5E5-4B6F-BB10-F8756A31E46C}.Debug|iPhone.ActiveCfg = Debug|Any CPU
		{3AF1011C-F5E5-4B6F-BB10-F8756A31E46C}.Debug|iPhone.Build.0 = Debug|Any CPU
		{3AF1011C-F5E5-4B6F-BB10-F8756A31E46C}.Debug|iPhoneSimulator.ActiveCfg = Debug|Any CPU
		{3AF1011C-F5E5-4B6F-BB10-F8756A31E46C}.Debug|iPhoneSimulator.Build.0 = Debug|Any CPU
		{3AF1011C-F5E5-4B6F-BB10-F8756A31E46C}.Debug|x64.ActiveCfg = Debug|Any CPU
		{3AF1011C-F5E5-4B6F-BB10-F8756A31E46C}.Debug|x64.Build.0 = Debug|Any CPU
		{3AF1011C-F5E5-4B6F-BB10-F8756A31E46C}.Debug|x86.ActiveCfg = Debug|Any CPU
		{3AF1011C-F5E5-4B6F-BB10-F8756A31E46C}.Debug|x86.Build.0 = Debug|Any CPU
		{3AF1011C-F5E5-4B6F-BB10-F8756A31E46C}.Release|Any CPU.ActiveCfg = Release|Any CPU
		{3AF1011C-F5E5-4B6F-BB10-F8756A31E46C}.Release|Any CPU.Build.0 = Release|Any CPU
		{3AF1011C-F5E5-4B6F-BB10-F8756A31E46C}.Release|ARM.ActiveCfg = Release|Any CPU
		{3AF1011C-F5E5-4B6F-BB10-F8756A31E46C}.Release|ARM.Build.0 = Release|Any CPU
		{3AF1011C-F5E5-4B6F-BB10-F8756A31E46C}.Release|iPhone.ActiveCfg = Release|Any CPU
		{3AF1011C-F5E5-4B6F-BB10-F8756A31E46C}.Release|iPhone.Build.0 = Release|Any CPU
		{3AF1011C-F5E5-4B6F-BB10-F8756A31E46C}.Release|iPhoneSimulator.ActiveCfg = Release|Any CPU
		{3AF1011C-F5E5-4B6F-BB10-F8756A31E46C}.Release|iPhoneSimulator.Build.0 = Release|Any CPU
		{3AF1011C-F5E5-4B6F-BB10-F8756A31E46C}.Release|x64.ActiveCfg = Release|Any CPU
		{3AF1011C-F5E5-4B6F-BB10-F8756A31E46C}.Release|x64.Build.0 = Release|Any CPU
		{3AF1011C-F5E5-4B6F-BB10-F8756A31E46C}.Release|x86.ActiveCfg = Release|Any CPU
		{3AF1011C-F5E5-4B6F-BB10-F8756A31E46C}.Release|x86.Build.0 = Release|Any CPU
		{69FD2754-6F78-4964-8E83-18E9EC2543F1}.Ad-Hoc|Any CPU.ActiveCfg = Debug|Any CPU
		{69FD2754-6F78-4964-8E83-18E9EC2543F1}.Ad-Hoc|Any CPU.Build.0 = Debug|Any CPU
		{69FD2754-6F78-4964-8E83-18E9EC2543F1}.Ad-Hoc|ARM.ActiveCfg = Debug|Any CPU
		{69FD2754-6F78-4964-8E83-18E9EC2543F1}.Ad-Hoc|ARM.Build.0 = Debug|Any CPU
		{69FD2754-6F78-4964-8E83-18E9EC2543F1}.Ad-Hoc|iPhone.ActiveCfg = Debug|Any CPU
		{69FD2754-6F78-4964-8E83-18E9EC2543F1}.Ad-Hoc|iPhone.Build.0 = Debug|Any CPU
		{69FD2754-6F78-4964-8E83-18E9EC2543F1}.Ad-Hoc|iPhoneSimulator.ActiveCfg = Debug|Any CPU
		{69FD2754-6F78-4964-8E83-18E9EC2543F1}.Ad-Hoc|iPhoneSimulator.Build.0 = Debug|Any CPU
		{69FD2754-6F78-4964-8E83-18E9EC2543F1}.Ad-Hoc|x64.ActiveCfg = Debug|Any CPU
		{69FD2754-6F78-4964-8E83-18E9EC2543F1}.Ad-Hoc|x64.Build.0 = Debug|Any CPU
		{69FD2754-6F78-4964-8E83-18E9EC2543F1}.Ad-Hoc|x86.ActiveCfg = Debug|Any CPU
		{69FD2754-6F78-4964-8E83-18E9EC2543F1}.Ad-Hoc|x86.Build.0 = Debug|Any CPU
		{69FD2754-6F78-4964-8E83-18E9EC2543F1}.AppStore|Any CPU.ActiveCfg = Debug|Any CPU
		{69FD2754-6F78-4964-8E83-18E9EC2543F1}.AppStore|Any CPU.Build.0 = Debug|Any CPU
		{69FD2754-6F78-4964-8E83-18E9EC2543F1}.AppStore|ARM.ActiveCfg = Debug|Any CPU
		{69FD2754-6F78-4964-8E83-18E9EC2543F1}.AppStore|ARM.Build.0 = Debug|Any CPU
		{69FD2754-6F78-4964-8E83-18E9EC2543F1}.AppStore|iPhone.ActiveCfg = Debug|Any CPU
		{69FD2754-6F78-4964-8E83-18E9EC2543F1}.AppStore|iPhone.Build.0 = Debug|Any CPU
		{69FD2754-6F78-4964-8E83-18E9EC2543F1}.AppStore|iPhoneSimulator.ActiveCfg = Debug|Any CPU
		{69FD2754-6F78-4964-8E83-18E9EC2543F1}.AppStore|iPhoneSimulator.Build.0 = Debug|Any CPU
		{69FD2754-6F78-4964-8E83-18E9EC2543F1}.AppStore|x64.ActiveCfg = Debug|Any CPU
		{69FD2754-6F78-4964-8E83-18E9EC2543F1}.AppStore|x64.Build.0 = Debug|Any CPU
		{69FD2754-6F78-4964-8E83-18E9EC2543F1}.AppStore|x86.ActiveCfg = Debug|Any CPU
		{69FD2754-6F78-4964-8E83-18E9EC2543F1}.AppStore|x86.Build.0 = Debug|Any CPU
		{69FD2754-6F78-4964-8E83-18E9EC2543F1}.Debug|Any CPU.ActiveCfg = Debug|Any CPU
		{69FD2754-6F78-4964-8E83-18E9EC2543F1}.Debug|Any CPU.Build.0 = Debug|Any CPU
		{69FD2754-6F78-4964-8E83-18E9EC2543F1}.Debug|ARM.ActiveCfg = Debug|Any CPU
		{69FD2754-6F78-4964-8E83-18E9EC2543F1}.Debug|ARM.Build.0 = Debug|Any CPU
		{69FD2754-6F78-4964-8E83-18E9EC2543F1}.Debug|iPhone.ActiveCfg = Debug|Any CPU
		{69FD2754-6F78-4964-8E83-18E9EC2543F1}.Debug|iPhone.Build.0 = Debug|Any CPU
		{69FD2754-6F78-4964-8E83-18E9EC2543F1}.Debug|iPhoneSimulator.ActiveCfg = Debug|Any CPU
		{69FD2754-6F78-4964-8E83-18E9EC2543F1}.Debug|iPhoneSimulator.Build.0 = Debug|Any CPU
		{69FD2754-6F78-4964-8E83-18E9EC2543F1}.Debug|x64.ActiveCfg = Debug|Any CPU
		{69FD2754-6F78-4964-8E83-18E9EC2543F1}.Debug|x64.Build.0 = Debug|Any CPU
		{69FD2754-6F78-4964-8E83-18E9EC2543F1}.Debug|x86.ActiveCfg = Debug|Any CPU
		{69FD2754-6F78-4964-8E83-18E9EC2543F1}.Debug|x86.Build.0 = Debug|Any CPU
		{69FD2754-6F78-4964-8E83-18E9EC2543F1}.Release|Any CPU.ActiveCfg = Release|Any CPU
		{69FD2754-6F78-4964-8E83-18E9EC2543F1}.Release|Any CPU.Build.0 = Release|Any CPU
		{69FD2754-6F78-4964-8E83-18E9EC2543F1}.Release|ARM.ActiveCfg = Release|Any CPU
		{69FD2754-6F78-4964-8E83-18E9EC2543F1}.Release|ARM.Build.0 = Release|Any CPU
		{69FD2754-6F78-4964-8E83-18E9EC2543F1}.Release|iPhone.ActiveCfg = Release|Any CPU
		{69FD2754-6F78-4964-8E83-18E9EC2543F1}.Release|iPhone.Build.0 = Release|Any CPU
		{69FD2754-6F78-4964-8E83-18E9EC2543F1}.Release|iPhoneSimulator.ActiveCfg = Release|Any CPU
		{69FD2754-6F78-4964-8E83-18E9EC2543F1}.Release|iPhoneSimulator.Build.0 = Release|Any CPU
		{69FD2754-6F78-4964-8E83-18E9EC2543F1}.Release|x64.ActiveCfg = Release|Any CPU
		{69FD2754-6F78-4964-8E83-18E9EC2543F1}.Release|x64.Build.0 = Release|Any CPU
		{69FD2754-6F78-4964-8E83-18E9EC2543F1}.Release|x86.ActiveCfg = Release|Any CPU
		{69FD2754-6F78-4964-8E83-18E9EC2543F1}.Release|x86.Build.0 = Release|Any CPU
	EndGlobalSection
	GlobalSection(SolutionProperties) = preSolution
		HideSolutionNode = FALSE
	EndGlobalSection
	GlobalSection(NestedProjects) = preSolution
		{74FF82C7-5AB7-4CE7-8007-5E93602A78E3} = {372D04B3-FBE5-4BF3-89C3-8FE6729ADCAC}
		{0BE88B46-BC5F-4F31-97DF-5CE1FD8EB04B} = {372D04B3-FBE5-4BF3-89C3-8FE6729ADCAC}
		{145D2362-0CA6-4C35-A727-F24097ED4582} = {372D04B3-FBE5-4BF3-89C3-8FE6729ADCAC}
		{CBC5EA0C-12B4-440B-9A84-B6D5A1B7DBED} = {372D04B3-FBE5-4BF3-89C3-8FE6729ADCAC}
		{2C4F48E7-7F35-4ED0-9A15-ABD3F0A38AD0} = {372D04B3-FBE5-4BF3-89C3-8FE6729ADCAC}
		{75F38D2D-C200-4842-9CB0-BCDD182838D2} = {372D04B3-FBE5-4BF3-89C3-8FE6729ADCAC}
		{4DC6A992-335F-4016-9FDF-DB6A5CD55892} = {372D04B3-FBE5-4BF3-89C3-8FE6729ADCAC}
		{3365091C-7C2D-487D-B803-68EDFE8B73F6} = {372D04B3-FBE5-4BF3-89C3-8FE6729ADCAC}
		{3AF1011C-F5E5-4B6F-BB10-F8756A31E46C} = {1BEF744F-C34F-46EA-B6B1-0B267002EC48}
		{69FD2754-6F78-4964-8E83-18E9EC2543F1} = {1BEF744F-C34F-46EA-B6B1-0B267002EC48}
	EndGlobalSection
	GlobalSection(ExtensibilityGlobals) = postSolution
		SolutionGuid = {1096577B-487A-4634-B9F9-E3D17B11451C}
	EndGlobalSection
EndGlobal
