
Microsoft Visual Studio Solution File, Format Version 12.00
# Visual Studio 15
VisualStudioVersion = 15.0.27130.2010
MinimumVisualStudioVersion = 10.0.40219.1
Project("{FAE04EC0-301F-11D3-BF4B-00C04F79EFBC}") = "SkiaScene.Portable", "SkiaScene.Portable\SkiaScene.Portable.csproj", "{EF260B89-5E63-4452-92A5-E17FA89882A2}"
EndProject
Project("{FAE04EC0-301F-11D3-BF4B-00C04F79EFBC}") = "SkiaScene.NetStandard", "SkiaScene.NetStandard\SkiaScene.NetStandard.csproj", "{80D77378-CF79-4A70-BBF5-AD3294CCAFC3}"
EndProject
Project("{D954291E-2A0B-460D-934E-DC6B0785DB48}") = "SkiaScene.Shared", "SkiaScene.Shared\SkiaScene.Shared.shproj", "{F71097C7-E47A-44A0-ADCF-29855D3346FE}"
EndProject
Global
	GlobalSection(SharedMSBuildProjectFiles) = preSolution
		SkiaScene.Shared\SkiaScene.Shared.projitems*{ef260b89-5e63-4452-92a5-e17fa89882a2}*SharedItemsImports = 4
		SkiaScene.Shared\SkiaScene.Shared.projitems*{f71097c7-e47a-44a0-adcf-29855d3346fe}*SharedItemsImports = 13
	EndGlobalSection
	GlobalSection(SolutionConfigurationPlatforms) = preSolution
		Debug|Any CPU = Debug|Any CPU
		Release|Any CPU = Release|Any CPU
	EndGlobalSection
	GlobalSection(ProjectConfigurationPlatforms) = postSolution
		{EF260B89-5E63-4452-92A5-E17FA89882A2}.Debug|Any CPU.ActiveCfg = Debug|Any CPU
		{EF260B89-5E63-4452-92A5-E17FA89882A2}.Debug|Any CPU.Build.0 = Debug|Any CPU
		{EF260B89-5E63-4452-92A5-E17FA89882A2}.Release|Any CPU.ActiveCfg = Release|Any CPU
		{EF260B89-5E63-4452-92A5-E17FA89882A2}.Release|Any CPU.Build.0 = Release|Any CPU
		{80D77378-CF79-4A70-BBF5-AD3294CCAFC3}.Debug|Any CPU.ActiveCfg = Debug|Any CPU
		{80D77378-CF79-4A70-BBF5-AD3294CCAFC3}.Debug|Any CPU.Build.0 = Debug|Any CPU
		{80D77378-CF79-4A70-BBF5-AD3294CCAFC3}.Release|Any CPU.ActiveCfg = Release|Any CPU
		{80D77378-CF79-4A70-BBF5-AD3294CCAFC3}.Release|Any CPU.Build.0 = Release|Any CPU
	EndGlobalSection
	GlobalSection(SolutionProperties) = preSolution
		HideSolutionNode = FALSE
	EndGlobalSection
	GlobalSection(ExtensibilityGlobals) = postSolution
		SolutionGuid = {0D1DB94F-B0A3-4696-ADF4-DAD4021008F6}
	EndGlobalSection
EndGlobal
