
Microsoft Visual Studio Solution File, Format Version 12.00
# Visual Studio 15
VisualStudioVersion = 15.0.27130.2010
MinimumVisualStudioVersion = 10.0.40219.1
Project("{2150E333-8FDC-42A3-9474-1A3956D46DE8}") = "TouchTracking", "TouchTracking", "{5EAAF631-6151-4F9B-B022-344EACF47C8B}"
EndProject
Project("{2150E333-8FDC-42A3-9474-1A3956D46DE8}") = "SkiaScene", "SkiaScene", "{86604022-2CED-4F88-8A0B-B518738BBD5D}"
EndProject
Project("{9A19103F-16F7-4668-BE54-9A1E7A4F7556}") = "SkiaScene.NetStandard", "SkiaScene\SkiaScene.NetStandard\SkiaScene.NetStandard.csproj", "{6F874CC5-B356-4636-95C1-77FEF6040FA4}"
EndProject
Project("{FAE04EC0-301F-11D3-BF4B-00C04F79EFBC}") = "SkiaScene.Portable", "SkiaScene\SkiaScene.Portable\SkiaScene.Portable.csproj", "{EF260B89-5E63-4452-92A5-E17FA89882A2}"
EndProject
Project("{D954291E-2A0B-460D-934E-DC6B0785DB48}") = "SkiaScene.Shared", "SkiaScene\SkiaScene.Shared\SkiaScene.Shared.shproj", "{F71097C7-E47A-44A0-ADCF-29855D3346FE}"
EndProject
Project("{9A19103F-16F7-4668-BE54-9A1E7A4F7556}") = "SkiaScene.TouchManipulation", "SkiaScene\SkiaScene.TouchManipulation\SkiaScene.TouchManipulation.csproj", "{4A5ED71A-78CD-4FB7-8A82-9B1209F5BDCE}"
EndProject
Project("{9A19103F-16F7-4668-BE54-9A1E7A4F7556}") = "TouchTracking", "TouchTracking\TouchTracking\TouchTracking.csproj", "{9DCA945E-39D0-420C-AD0A-DB668D0B9A00}"
EndProject
Project("{FAE04EC0-301F-11D3-BF4B-00C04F79EFBC}") = "TouchTracking.Droid", "TouchTracking\TouchTracking.Droid\TouchTracking.Droid.csproj", "{0BE88B46-BC5F-4F31-97DF-5CE1FD8EB04B}"
EndProject
Project("{9A19103F-16F7-4668-BE54-9A1E7A4F7556}") = "TouchTracking.Forms", "TouchTracking\TouchTracking.Forms\TouchTracking.Forms.csproj", "{BD5B7DF3-4B8B-45A5-ADF7-DB4A7C8A31B7}"
EndProject
Project("{FAE04EC0-301F-11D3-BF4B-00C04F79EFBC}") = "TouchTracking.Forms.UWP", "TouchTracking\TouchTracking.Forms.UWP\TouchTracking.Forms.UWP.csproj", "{75F38D2D-C200-4842-9CB0-BCDD182838D2}"
EndProject
Project("{FAE04EC0-301F-11D3-BF4B-00C04F79EFBC}") = "TouchTracking.iOS", "TouchTracking\TouchTracking.iOS\TouchTracking.iOS.csproj", "{4DC6A992-335F-4016-9FDF-DB6A5CD55892}"
EndProject
Project("{FAE04EC0-301F-11D3-BF4B-00C04F79EFBC}") = "TouchTracking.UWP", "TouchTracking\TouchTracking.UWP\TouchTracking.UWP.csproj", "{3365091C-7C2D-487D-B803-68EDFE8B73F6}"
EndProject
Project("{FAE04EC0-301F-11D3-BF4B-00C04F79EFBC}") = "TouchTracking.Forms.iOS", "TouchTracking\TouchTracking.Forms.iOS\TouchTracking.Forms.iOS.csproj", "{2C4F48E7-7F35-4ED0-9A15-ABD3F0A38AD0}"
EndProject
Project("{FAE04EC0-301F-11D3-BF4B-00C04F79EFBC}") = "TouchTracking.Forms.Droid", "TouchTracking\TouchTracking.Forms.Droid\TouchTracking.Forms.Droid.csproj", "{CBC5EA0C-12B4-440B-9A84-B6D5A1B7DBED}"
EndProject
Global
	GlobalSection(SharedMSBuildProjectFiles) = preSolution
		SkiaScene\SkiaScene.Shared\SkiaScene.Shared.projitems*{ef260b89-5e63-4452-92a5-e17fa89882a2}*SharedItemsImports = 4
		SkiaScene\SkiaScene.Shared\SkiaScene.Shared.projitems*{f71097c7-e47a-44a0-adcf-29855d3346fe}*SharedItemsImports = 13
	EndGlobalSection
	GlobalSection(SolutionConfigurationPlatforms) = preSolution
		Debug|Any CPU = Debug|Any CPU
		Debug|ARM = Debug|ARM
		Debug|x64 = Debug|x64
		Debug|x86 = Debug|x86
		Release|Any CPU = Release|Any CPU
		Release|ARM = Release|ARM
		Release|x64 = Release|x64
		Release|x86 = Release|x86
	EndGlobalSection
	GlobalSection(ProjectConfigurationPlatforms) = postSolution
		{6F874CC5-B356-4636-95C1-77FEF6040FA4}.Debug|Any CPU.ActiveCfg = Debug|Any CPU
		{6F874CC5-B356-4636-95C1-77FEF6040FA4}.Debug|Any CPU.Build.0 = Debug|Any CPU
		{6F874CC5-B356-4636-95C1-77FEF6040FA4}.Debug|ARM.ActiveCfg = Debug|Any CPU
		{6F874CC5-B356-4636-95C1-77FEF6040FA4}.Debug|ARM.Build.0 = Debug|Any CPU
		{6F874CC5-B356-4636-95C1-77FEF6040FA4}.Debug|x64.ActiveCfg = Debug|Any CPU
		{6F874CC5-B356-4636-95C1-77FEF6040FA4}.Debug|x64.Build.0 = Debug|Any CPU
		{6F874CC5-B356-4636-95C1-77FEF6040FA4}.Debug|x86.ActiveCfg = Debug|Any CPU
		{6F874CC5-B356-4636-95C1-77FEF6040FA4}.Debug|x86.Build.0 = Debug|Any CPU
		{6F874CC5-B356-4636-95C1-77FEF6040FA4}.Release|Any CPU.ActiveCfg = Release|Any CPU
		{6F874CC5-B356-4636-95C1-77FEF6040FA4}.Release|Any CPU.Build.0 = Release|Any CPU
		{6F874CC5-B356-4636-95C1-77FEF6040FA4}.Release|ARM.ActiveCfg = Release|Any CPU
		{6F874CC5-B356-4636-95C1-77FEF6040FA4}.Release|ARM.Build.0 = Release|Any CPU
		{6F874CC5-B356-4636-95C1-77FEF6040FA4}.Release|x64.ActiveCfg = Release|Any CPU
		{6F874CC5-B356-4636-95C1-77FEF6040FA4}.Release|x64.Build.0 = Release|Any CPU
		{6F874CC5-B356-4636-95C1-77FEF6040FA4}.Release|x86.ActiveCfg = Release|Any CPU
		{6F874CC5-B356-4636-95C1-77FEF6040FA4}.Release|x86.Build.0 = Release|Any CPU
		{EF260B89-5E63-4452-92A5-E17FA89882A2}.Debug|Any CPU.ActiveCfg = Debug|Any CPU
		{EF260B89-5E63-4452-92A5-E17FA89882A2}.Debug|Any CPU.Build.0 = Debug|Any CPU
		{EF260B89-5E63-4452-92A5-E17FA89882A2}.Debug|ARM.ActiveCfg = Debug|Any CPU
		{EF260B89-5E63-4452-92A5-E17FA89882A2}.Debug|ARM.Build.0 = Debug|Any CPU
		{EF260B89-5E63-4452-92A5-E17FA89882A2}.Debug|x64.ActiveCfg = Debug|Any CPU
		{EF260B89-5E63-4452-92A5-E17FA89882A2}.Debug|x64.Build.0 = Debug|Any CPU
		{EF260B89-5E63-4452-92A5-E17FA89882A2}.Debug|x86.ActiveCfg = Debug|Any CPU
		{EF260B89-5E63-4452-92A5-E17FA89882A2}.Debug|x86.Build.0 = Debug|Any CPU
		{EF260B89-5E63-4452-92A5-E17FA89882A2}.Release|Any CPU.ActiveCfg = Release|Any CPU
		{EF260B89-5E63-4452-92A5-E17FA89882A2}.Release|Any CPU.Build.0 = Release|Any CPU
		{EF260B89-5E63-4452-92A5-E17FA89882A2}.Release|ARM.ActiveCfg = Release|Any CPU
		{EF260B89-5E63-4452-92A5-E17FA89882A2}.Release|ARM.Build.0 = Release|Any CPU
		{EF260B89-5E63-4452-92A5-E17FA89882A2}.Release|x64.ActiveCfg = Release|Any CPU
		{EF260B89-5E63-4452-92A5-E17FA89882A2}.Release|x64.Build.0 = Release|Any CPU
		{EF260B89-5E63-4452-92A5-E17FA89882A2}.Release|x86.ActiveCfg = Release|Any CPU
		{EF260B89-5E63-4452-92A5-E17FA89882A2}.Release|x86.Build.0 = Release|Any CPU
		{4A5ED71A-78CD-4FB7-8A82-9B1209F5BDCE}.Debug|Any CPU.ActiveCfg = Debug|Any CPU
		{4A5ED71A-78CD-4FB7-8A82-9B1209F5BDCE}.Debug|Any CPU.Build.0 = Debug|Any CPU
		{4A5ED71A-78CD-4FB7-8A82-9B1209F5BDCE}.Debug|ARM.ActiveCfg = Debug|Any CPU
		{4A5ED71A-78CD-4FB7-8A82-9B1209F5BDCE}.Debug|ARM.Build.0 = Debug|Any CPU
		{4A5ED71A-78CD-4FB7-8A82-9B1209F5BDCE}.Debug|x64.ActiveCfg = Debug|Any CPU
		{4A5ED71A-78CD-4FB7-8A82-9B1209F5BDCE}.Debug|x64.Build.0 = Debug|Any CPU
		{4A5ED71A-78CD-4FB7-8A82-9B1209F5BDCE}.Debug|x86.ActiveCfg = Debug|Any CPU
		{4A5ED71A-78CD-4FB7-8A82-9B1209F5BDCE}.Debug|x86.Build.0 = Debug|Any CPU
		{4A5ED71A-78CD-4FB7-8A82-9B1209F5BDCE}.Release|Any CPU.ActiveCfg = Release|Any CPU
		{4A5ED71A-78CD-4FB7-8A82-9B1209F5BDCE}.Release|Any CPU.Build.0 = Release|Any CPU
		{4A5ED71A-78CD-4FB7-8A82-9B1209F5BDCE}.Release|ARM.ActiveCfg = Release|Any CPU
		{4A5ED71A-78CD-4FB7-8A82-9B1209F5BDCE}.Release|ARM.Build.0 = Release|Any CPU
		{4A5ED71A-78CD-4FB7-8A82-9B1209F5BDCE}.Release|x64.ActiveCfg = Release|Any CPU
		{4A5ED71A-78CD-4FB7-8A82-9B1209F5BDCE}.Release|x64.Build.0 = Release|Any CPU
		{4A5ED71A-78CD-4FB7-8A82-9B1209F5BDCE}.Release|x86.ActiveCfg = Release|Any CPU
		{4A5ED71A-78CD-4FB7-8A82-9B1209F5BDCE}.Release|x86.Build.0 = Release|Any CPU
		{9DCA945E-39D0-420C-AD0A-DB668D0B9A00}.Debug|Any CPU.ActiveCfg = Debug|Any CPU
		{9DCA945E-39D0-420C-AD0A-DB668D0B9A00}.Debug|Any CPU.Build.0 = Debug|Any CPU
		{9DCA945E-39D0-420C-AD0A-DB668D0B9A00}.Debug|ARM.ActiveCfg = Debug|Any CPU
		{9DCA945E-39D0-420C-AD0A-DB668D0B9A00}.Debug|ARM.Build.0 = Debug|Any CPU
		{9DCA945E-39D0-420C-AD0A-DB668D0B9A00}.Debug|x64.ActiveCfg = Debug|Any CPU
		{9DCA945E-39D0-420C-AD0A-DB668D0B9A00}.Debug|x64.Build.0 = Debug|Any CPU
		{9DCA945E-39D0-420C-AD0A-DB668D0B9A00}.Debug|x86.ActiveCfg = Debug|Any CPU
		{9DCA945E-39D0-420C-AD0A-DB668D0B9A00}.Debug|x86.Build.0 = Debug|Any CPU
		{9DCA945E-39D0-420C-AD0A-DB668D0B9A00}.Release|Any CPU.ActiveCfg = Release|Any CPU
		{9DCA945E-39D0-420C-AD0A-DB668D0B9A00}.Release|Any CPU.Build.0 = Release|Any CPU
		{9DCA945E-39D0-420C-AD0A-DB668D0B9A00}.Release|ARM.ActiveCfg = Release|Any CPU
		{9DCA945E-39D0-420C-AD0A-DB668D0B9A00}.Release|ARM.Build.0 = Release|Any CPU
		{9DCA945E-39D0-420C-AD0A-DB668D0B9A00}.Release|x64.ActiveCfg = Release|Any CPU
		{9DCA945E-39D0-420C-AD0A-DB668D0B9A00}.Release|x64.Build.0 = Release|Any CPU
		{9DCA945E-39D0-420C-AD0A-DB668D0B9A00}.Release|x86.ActiveCfg = Release|Any CPU
		{9DCA945E-39D0-420C-AD0A-DB668D0B9A00}.Release|x86.Build.0 = Release|Any CPU
		{0BE88B46-BC5F-4F31-97DF-5CE1FD8EB04B}.Debug|Any CPU.ActiveCfg = Debug|Any CPU
		{0BE88B46-BC5F-4F31-97DF-5CE1FD8EB04B}.Debug|Any CPU.Build.0 = Debug|Any CPU
		{0BE88B46-BC5F-4F31-97DF-5CE1FD8EB04B}.Debug|ARM.ActiveCfg = Debug|Any CPU
		{0BE88B46-BC5F-4F31-97DF-5CE1FD8EB04B}.Debug|ARM.Build.0 = Debug|Any CPU
		{0BE88B46-BC5F-4F31-97DF-5CE1FD8EB04B}.Debug|x64.ActiveCfg = Debug|Any CPU
		{0BE88B46-BC5F-4F31-97DF-5CE1FD8EB04B}.Debug|x64.Build.0 = Debug|Any CPU
		{0BE88B46-BC5F-4F31-97DF-5CE1FD8EB04B}.Debug|x86.ActiveCfg = Debug|Any CPU
		{0BE88B46-BC5F-4F31-97DF-5CE1FD8EB04B}.Debug|x86.Build.0 = Debug|Any CPU
		{0BE88B46-BC5F-4F31-97DF-5CE1FD8EB04B}.Release|Any CPU.ActiveCfg = Release|Any CPU
		{0BE88B46-BC5F-4F31-97DF-5CE1FD8EB04B}.Release|Any CPU.Build.0 = Release|Any CPU
		{0BE88B46-BC5F-4F31-97DF-5CE1FD8EB04B}.Release|ARM.ActiveCfg = Release|Any CPU
		{0BE88B46-BC5F-4F31-97DF-5CE1FD8EB04B}.Release|ARM.Build.0 = Release|Any CPU
		{0BE88B46-BC5F-4F31-97DF-5CE1FD8EB04B}.Release|x64.ActiveCfg = Release|Any CPU
		{0BE88B46-BC5F-4F31-97DF-5CE1FD8EB04B}.Release|x64.Build.0 = Release|Any CPU
		{0BE88B46-BC5F-4F31-97DF-5CE1FD8EB04B}.Release|x86.ActiveCfg = Release|Any CPU
		{0BE88B46-BC5F-4F31-97DF-5CE1FD8EB04B}.Release|x86.Build.0 = Release|Any CPU
		{BD5B7DF3-4B8B-45A5-ADF7-DB4A7C8A31B7}.Debug|Any CPU.ActiveCfg = Debug|Any CPU
		{BD5B7DF3-4B8B-45A5-ADF7-DB4A7C8A31B7}.Debug|Any CPU.Build.0 = Debug|Any CPU
		{BD5B7DF3-4B8B-45A5-ADF7-DB4A7C8A31B7}.Debug|ARM.ActiveCfg = Debug|Any CPU
		{BD5B7DF3-4B8B-45A5-ADF7-DB4A7C8A31B7}.Debug|ARM.Build.0 = Debug|Any CPU
		{BD5B7DF3-4B8B-45A5-ADF7-DB4A7C8A31B7}.Debug|x64.ActiveCfg = Debug|Any CPU
		{BD5B7DF3-4B8B-45A5-ADF7-DB4A7C8A31B7}.Debug|x64.Build.0 = Debug|Any CPU
		{BD5B7DF3-4B8B-45A5-ADF7-DB4A7C8A31B7}.Debug|x86.ActiveCfg = Debug|Any CPU
		{BD5B7DF3-4B8B-45A5-ADF7-DB4A7C8A31B7}.Debug|x86.Build.0 = Debug|Any CPU
		{BD5B7DF3-4B8B-45A5-ADF7-DB4A7C8A31B7}.Release|Any CPU.ActiveCfg = Release|Any CPU
		{BD5B7DF3-4B8B-45A5-ADF7-DB4A7C8A31B7}.Release|Any CPU.Build.0 = Release|Any CPU
		{BD5B7DF3-4B8B-45A5-ADF7-DB4A7C8A31B7}.Release|ARM.ActiveCfg = Release|Any CPU
		{BD5B7DF3-4B8B-45A5-ADF7-DB4A7C8A31B7}.Release|ARM.Build.0 = Release|Any CPU
		{BD5B7DF3-4B8B-45A5-ADF7-DB4A7C8A31B7}.Release|x64.ActiveCfg = Release|Any CPU
		{BD5B7DF3-4B8B-45A5-ADF7-DB4A7C8A31B7}.Release|x64.Build.0 = Release|Any CPU
		{BD5B7DF3-4B8B-45A5-ADF7-DB4A7C8A31B7}.Release|x86.ActiveCfg = Release|Any CPU
		{BD5B7DF3-4B8B-45A5-ADF7-DB4A7C8A31B7}.Release|x86.Build.0 = Release|Any CPU
		{75F38D2D-C200-4842-9CB0-BCDD182838D2}.Debug|Any CPU.ActiveCfg = Debug|Any CPU
		{75F38D2D-C200-4842-9CB0-BCDD182838D2}.Debug|Any CPU.Build.0 = Debug|Any CPU
		{75F38D2D-C200-4842-9CB0-BCDD182838D2}.Debug|ARM.ActiveCfg = Debug|ARM
		{75F38D2D-C200-4842-9CB0-BCDD182838D2}.Debug|ARM.Build.0 = Debug|ARM
		{75F38D2D-C200-4842-9CB0-BCDD182838D2}.Debug|x64.ActiveCfg = Debug|x64
		{75F38D2D-C200-4842-9CB0-BCDD182838D2}.Debug|x64.Build.0 = Debug|x64
		{75F38D2D-C200-4842-9CB0-BCDD182838D2}.Debug|x86.ActiveCfg = Debug|x86
		{75F38D2D-C200-4842-9CB0-BCDD182838D2}.Debug|x86.Build.0 = Debug|x86
		{75F38D2D-C200-4842-9CB0-BCDD182838D2}.Release|Any CPU.ActiveCfg = Release|Any CPU
		{75F38D2D-C200-4842-9CB0-BCDD182838D2}.Release|Any CPU.Build.0 = Release|Any CPU
		{75F38D2D-C200-4842-9CB0-BCDD182838D2}.Release|ARM.ActiveCfg = Release|ARM
		{75F38D2D-C200-4842-9CB0-BCDD182838D2}.Release|ARM.Build.0 = Release|ARM
		{75F38D2D-C200-4842-9CB0-BCDD182838D2}.Release|x64.ActiveCfg = Release|x64
		{75F38D2D-C200-4842-9CB0-BCDD182838D2}.Release|x64.Build.0 = Release|x64
		{75F38D2D-C200-4842-9CB0-BCDD182838D2}.Release|x86.ActiveCfg = Release|x86
		{75F38D2D-C200-4842-9CB0-BCDD182838D2}.Release|x86.Build.0 = Release|x86
		{4DC6A992-335F-4016-9FDF-DB6A5CD55892}.Debug|Any CPU.ActiveCfg = Debug|Any CPU
		{4DC6A992-335F-4016-9FDF-DB6A5CD55892}.Debug|Any CPU.Build.0 = Debug|Any CPU
		{4DC6A992-335F-4016-9FDF-DB6A5CD55892}.Debug|ARM.ActiveCfg = Debug|Any CPU
		{4DC6A992-335F-4016-9FDF-DB6A5CD55892}.Debug|ARM.Build.0 = Debug|Any CPU
		{4DC6A992-335F-4016-9FDF-DB6A5CD55892}.Debug|x64.ActiveCfg = Debug|Any CPU
		{4DC6A992-335F-4016-9FDF-DB6A5CD55892}.Debug|x64.Build.0 = Debug|Any CPU
		{4DC6A992-335F-4016-9FDF-DB6A5CD55892}.Debug|x86.ActiveCfg = Debug|Any CPU
		{4DC6A992-335F-4016-9FDF-DB6A5CD55892}.Debug|x86.Build.0 = Debug|Any CPU
		{4DC6A992-335F-4016-9FDF-DB6A5CD55892}.Release|Any CPU.ActiveCfg = Release|Any CPU
		{4DC6A992-335F-4016-9FDF-DB6A5CD55892}.Release|Any CPU.Build.0 = Release|Any CPU
		{4DC6A992-335F-4016-9FDF-DB6A5CD55892}.Release|ARM.ActiveCfg = Release|Any CPU
		{4DC6A992-335F-4016-9FDF-DB6A5CD55892}.Release|ARM.Build.0 = Release|Any CPU
		{4DC6A992-335F-4016-9FDF-DB6A5CD55892}.Release|x64.ActiveCfg = Release|Any CPU
		{4DC6A992-335F-4016-9FDF-DB6A5CD55892}.Release|x64.Build.0 = Release|Any CPU
		{4DC6A992-335F-4016-9FDF-DB6A5CD55892}.Release|x86.ActiveCfg = Release|Any CPU
		{4DC6A992-335F-4016-9FDF-DB6A5CD55892}.Release|x86.Build.0 = Release|Any CPU
		{3365091C-7C2D-487D-B803-68EDFE8B73F6}.Debug|Any CPU.ActiveCfg = Debug|Any CPU
		{3365091C-7C2D-487D-B803-68EDFE8B73F6}.Debug|Any CPU.Build.0 = Debug|Any CPU
		{3365091C-7C2D-487D-B803-68EDFE8B73F6}.Debug|ARM.ActiveCfg = Debug|ARM
		{3365091C-7C2D-487D-B803-68EDFE8B73F6}.Debug|ARM.Build.0 = Debug|ARM
		{3365091C-7C2D-487D-B803-68EDFE8B73F6}.Debug|x64.ActiveCfg = Debug|x64
		{3365091C-7C2D-487D-B803-68EDFE8B73F6}.Debug|x64.Build.0 = Debug|x64
		{3365091C-7C2D-487D-B803-68EDFE8B73F6}.Debug|x86.ActiveCfg = Debug|x86
		{3365091C-7C2D-487D-B803-68EDFE8B73F6}.Debug|x86.Build.0 = Debug|x86
		{3365091C-7C2D-487D-B803-68EDFE8B73F6}.Release|Any CPU.ActiveCfg = Release|Any CPU
		{3365091C-7C2D-487D-B803-68EDFE8B73F6}.Release|Any CPU.Build.0 = Release|Any CPU
		{3365091C-7C2D-487D-B803-68EDFE8B73F6}.Release|ARM.ActiveCfg = Release|ARM
		{3365091C-7C2D-487D-B803-68EDFE8B73F6}.Release|ARM.Build.0 = Release|ARM
		{3365091C-7C2D-487D-B803-68EDFE8B73F6}.Release|x64.ActiveCfg = Release|x64
		{3365091C-7C2D-487D-B803-68EDFE8B73F6}.Release|x64.Build.0 = Release|x64
		{3365091C-7C2D-487D-B803-68EDFE8B73F6}.Release|x86.ActiveCfg = Release|x86
		{3365091C-7C2D-487D-B803-68EDFE8B73F6}.Release|x86.Build.0 = Release|x86
		{2C4F48E7-7F35-4ED0-9A15-ABD3F0A38AD0}.Debug|Any CPU.ActiveCfg = Debug|Any CPU
		{2C4F48E7-7F35-4ED0-9A15-ABD3F0A38AD0}.Debug|Any CPU.Build.0 = Debug|Any CPU
		{2C4F48E7-7F35-4ED0-9A15-ABD3F0A38AD0}.Debug|ARM.ActiveCfg = Debug|Any CPU
		{2C4F48E7-7F35-4ED0-9A15-ABD3F0A38AD0}.Debug|ARM.Build.0 = Debug|Any CPU
		{2C4F48E7-7F35-4ED0-9A15-ABD3F0A38AD0}.Debug|x64.ActiveCfg = Debug|Any CPU
		{2C4F48E7-7F35-4ED0-9A15-ABD3F0A38AD0}.Debug|x64.Build.0 = Debug|Any CPU
		{2C4F48E7-7F35-4ED0-9A15-ABD3F0A38AD0}.Debug|x86.ActiveCfg = Debug|Any CPU
		{2C4F48E7-7F35-4ED0-9A15-ABD3F0A38AD0}.Debug|x86.Build.0 = Debug|Any CPU
		{2C4F48E7-7F35-4ED0-9A15-ABD3F0A38AD0}.Release|Any CPU.ActiveCfg = Release|Any CPU
		{2C4F48E7-7F35-4ED0-9A15-ABD3F0A38AD0}.Release|Any CPU.Build.0 = Release|Any CPU
		{2C4F48E7-7F35-4ED0-9A15-ABD3F0A38AD0}.Release|ARM.ActiveCfg = Release|Any CPU
		{2C4F48E7-7F35-4ED0-9A15-ABD3F0A38AD0}.Release|ARM.Build.0 = Release|Any CPU
		{2C4F48E7-7F35-4ED0-9A15-ABD3F0A38AD0}.Release|x64.ActiveCfg = Release|Any CPU
		{2C4F48E7-7F35-4ED0-9A15-ABD3F0A38AD0}.Release|x64.Build.0 = Release|Any CPU
		{2C4F48E7-7F35-4ED0-9A15-ABD3F0A38AD0}.Release|x86.ActiveCfg = Release|Any CPU
		{2C4F48E7-7F35-4ED0-9A15-ABD3F0A38AD0}.Release|x86.Build.0 = Release|Any CPU
		{CBC5EA0C-12B4-440B-9A84-B6D5A1B7DBED}.Debug|Any CPU.ActiveCfg = Debug|Any CPU
		{CBC5EA0C-12B4-440B-9A84-B6D5A1B7DBED}.Debug|Any CPU.Build.0 = Debug|Any CPU
		{CBC5EA0C-12B4-440B-9A84-B6D5A1B7DBED}.Debug|ARM.ActiveCfg = Debug|Any CPU
		{CBC5EA0C-12B4-440B-9A84-B6D5A1B7DBED}.Debug|ARM.Build.0 = Debug|Any CPU
		{CBC5EA0C-12B4-440B-9A84-B6D5A1B7DBED}.Debug|x64.ActiveCfg = Debug|Any CPU
		{CBC5EA0C-12B4-440B-9A84-B6D5A1B7DBED}.Debug|x64.Build.0 = Debug|Any CPU
		{CBC5EA0C-12B4-440B-9A84-B6D5A1B7DBED}.Debug|x86.ActiveCfg = Debug|Any CPU
		{CBC5EA0C-12B4-440B-9A84-B6D5A1B7DBED}.Debug|x86.Build.0 = Debug|Any CPU
		{CBC5EA0C-12B4-440B-9A84-B6D5A1B7DBED}.Release|Any CPU.ActiveCfg = Release|Any CPU
		{CBC5EA0C-12B4-440B-9A84-B6D5A1B7DBED}.Release|Any CPU.Build.0 = Release|Any CPU
		{CBC5EA0C-12B4-440B-9A84-B6D5A1B7DBED}.Release|ARM.ActiveCfg = Release|Any CPU
		{CBC5EA0C-12B4-440B-9A84-B6D5A1B7DBED}.Release|ARM.Build.0 = Release|Any CPU
		{CBC5EA0C-12B4-440B-9A84-B6D5A1B7DBED}.Release|x64.ActiveCfg = Release|Any CPU
		{CBC5EA0C-12B4-440B-9A84-B6D5A1B7DBED}.Release|x64.Build.0 = Release|Any CPU
		{CBC5EA0C-12B4-440B-9A84-B6D5A1B7DBED}.Release|x86.ActiveCfg = Release|Any CPU
		{CBC5EA0C-12B4-440B-9A84-B6D5A1B7DBED}.Release|x86.Build.0 = Release|Any CPU
	EndGlobalSection
	GlobalSection(SolutionProperties) = preSolution
		HideSolutionNode = FALSE
	EndGlobalSection
	GlobalSection(NestedProjects) = preSolution
		{6F874CC5-B356-4636-95C1-77FEF6040FA4} = {86604022-2CED-4F88-8A0B-B518738BBD5D}
		{EF260B89-5E63-4452-92A5-E17FA89882A2} = {86604022-2CED-4F88-8A0B-B518738BBD5D}
		{F71097C7-E47A-44A0-ADCF-29855D3346FE} = {86604022-2CED-4F88-8A0B-B518738BBD5D}
		{4A5ED71A-78CD-4FB7-8A82-9B1209F5BDCE} = {86604022-2CED-4F88-8A0B-B518738BBD5D}
		{9DCA945E-39D0-420C-AD0A-DB668D0B9A00} = {5EAAF631-6151-4F9B-B022-344EACF47C8B}
		{0BE88B46-BC5F-4F31-97DF-5CE1FD8EB04B} = {5EAAF631-6151-4F9B-B022-344EACF47C8B}
		{BD5B7DF3-4B8B-45A5-ADF7-DB4A7C8A31B7} = {5EAAF631-6151-4F9B-B022-344EACF47C8B}
		{75F38D2D-C200-4842-9CB0-BCDD182838D2} = {5EAAF631-6151-4F9B-B022-344EACF47C8B}
		{4DC6A992-335F-4016-9FDF-DB6A5CD55892} = {5EAAF631-6151-4F9B-B022-344EACF47C8B}
		{3365091C-7C2D-487D-B803-68EDFE8B73F6} = {5EAAF631-6151-4F9B-B022-344EACF47C8B}
		{2C4F48E7-7F35-4ED0-9A15-ABD3F0A38AD0} = {5EAAF631-6151-4F9B-B022-344EACF47C8B}
		{CBC5EA0C-12B4-440B-9A84-B6D5A1B7DBED} = {5EAAF631-6151-4F9B-B022-344EACF47C8B}
	EndGlobalSection
	GlobalSection(ExtensibilityGlobals) = postSolution
		SolutionGuid = {0D1DB94F-B0A3-4696-ADF4-DAD4021008F6}
	EndGlobalSection
EndGlobal
